// !$*UTF8*$!
{
	archiveVersion = 1;
	classes = {
	};
	objectVersion = 55;
	objects = {

/* Begin PBXBuildFile section */
		040EFDD327C3BEE800D67B79 /* SwiftUIX in Frameworks */ = {isa = PBXBuildFile; productRef = 040EFDD227C3BEE800D67B79 /* SwiftUIX */; };
		041D3E6D271AC0D7002185CF /* CacheAsyncImage.swift in Sources */ = {isa = PBXBuildFile; fileRef = 041D3E6C271AC0D7002185CF /* CacheAsyncImage.swift */; };
		041D3E6E271AC0D7002185CF /* CacheAsyncImage.swift in Sources */ = {isa = PBXBuildFile; fileRef = 041D3E6C271AC0D7002185CF /* CacheAsyncImage.swift */; };
		041D3E75271CAF89002185CF /* BackgroundCleanerView.swift in Sources */ = {isa = PBXBuildFile; fileRef = 041D3E74271CAF89002185CF /* BackgroundCleanerView.swift */; };
		041D3E76271CAF89002185CF /* BackgroundCleanerView.swift in Sources */ = {isa = PBXBuildFile; fileRef = 041D3E74271CAF89002185CF /* BackgroundCleanerView.swift */; };
		041D3E79271DABF1002185CF /* JellyfinAPI in Frameworks */ = {isa = PBXBuildFile; productRef = 041D3E78271DABF1002185CF /* JellyfinAPI */; };
		041D3E7B2722E93F002185CF /* NowPlayingView.swift in Sources */ = {isa = PBXBuildFile; fileRef = 041D3E7A2722E93E002185CF /* NowPlayingView.swift */; };
		041D3E7C2722E940002185CF /* NowPlayingView.swift in Sources */ = {isa = PBXBuildFile; fileRef = 041D3E7A2722E93E002185CF /* NowPlayingView.swift */; };
		0442A25127B3115700003F0C /* ToolbarView.swift in Sources */ = {isa = PBXBuildFile; fileRef = 0442A25027B3115700003F0C /* ToolbarView.swift */; };
		0442A25227B3115700003F0C /* ToolbarView.swift in Sources */ = {isa = PBXBuildFile; fileRef = 0442A25027B3115700003F0C /* ToolbarView.swift */; };
		0442A25427B3F52900003F0C /* ImageExtensions.swift in Sources */ = {isa = PBXBuildFile; fileRef = 0442A25327B3F52900003F0C /* ImageExtensions.swift */; };
		0442A25527B3F52900003F0C /* ImageExtensions.swift in Sources */ = {isa = PBXBuildFile; fileRef = 0442A25327B3F52900003F0C /* ImageExtensions.swift */; };
		0442A26127B3F8FA00003F0C /* JellyfinService.swift in Sources */ = {isa = PBXBuildFile; fileRef = 0442A26027B3F8FA00003F0C /* JellyfinService.swift */; };
		0442A26227B3F8FA00003F0C /* JellyfinService.swift in Sources */ = {isa = PBXBuildFile; fileRef = 0442A26027B3F8FA00003F0C /* JellyfinService.swift */; };
		0442A26727B3F94000003F0C /* AuthenticationService.swift in Sources */ = {isa = PBXBuildFile; fileRef = 0442A26627B3F94000003F0C /* AuthenticationService.swift */; };
		0442A26827B3F94000003F0C /* AuthenticationService.swift in Sources */ = {isa = PBXBuildFile; fileRef = 0442A26627B3F94000003F0C /* AuthenticationService.swift */; };
		0442A26A27B3F95900003F0C /* LibrarySelectionService.swift in Sources */ = {isa = PBXBuildFile; fileRef = 0442A26927B3F95900003F0C /* LibrarySelectionService.swift */; };
		0442A26B27B3F95900003F0C /* LibrarySelectionService.swift in Sources */ = {isa = PBXBuildFile; fileRef = 0442A26927B3F95900003F0C /* LibrarySelectionService.swift */; };
		0462B3BD27BBCFEE009066CD /* ArtistModel.swift in Sources */ = {isa = PBXBuildFile; fileRef = 0462B3BC27BBCFEE009066CD /* ArtistModel.swift */; };
		0462B3BE27BBCFEE009066CD /* ArtistModel.swift in Sources */ = {isa = PBXBuildFile; fileRef = 0462B3BC27BBCFEE009066CD /* ArtistModel.swift */; };
		0463E08627C65F2400D3957A /* NowPlayingIndicator.swift in Sources */ = {isa = PBXBuildFile; fileRef = 0463E08527C65F2400D3957A /* NowPlayingIndicator.swift */; };
		0463E08727C65F2400D3957A /* NowPlayingIndicator.swift in Sources */ = {isa = PBXBuildFile; fileRef = 0463E08527C65F2400D3957A /* NowPlayingIndicator.swift */; };
		047D147F27BD1B5B00EE1878 /* Globals.swift in Sources */ = {isa = PBXBuildFile; fileRef = 047D147E27BD1B5B00EE1878 /* Globals.swift */; };
		047D148027BD1B5B00EE1878 /* Globals.swift in Sources */ = {isa = PBXBuildFile; fileRef = 047D147E27BD1B5B00EE1878 /* Globals.swift */; };
		047F493027BBF4920076B45E /* SwiftAudioPlayer in Frameworks */ = {isa = PBXBuildFile; productRef = 047F492F27BBF4920076B45E /* SwiftAudioPlayer */; };
		04848BC82725A9FE0072A81E /* PlaylistItemThumbnail.swift in Sources */ = {isa = PBXBuildFile; fileRef = 04848BC72725A9FE0072A81E /* PlaylistItemThumbnail.swift */; };
		04848BCA2725AA610072A81E /* ItemThumbnail.swift in Sources */ = {isa = PBXBuildFile; fileRef = 04848BC92725AA610072A81E /* ItemThumbnail.swift */; };
		04848BCC2725AAFE0072A81E /* AlbumThumbnail.swift in Sources */ = {isa = PBXBuildFile; fileRef = 04848BCB2725AAFE0072A81E /* AlbumThumbnail.swift */; };
		04848BCE2725AB970072A81E /* AlbumImage.swift in Sources */ = {isa = PBXBuildFile; fileRef = 04848BCD2725AB970072A81E /* AlbumImage.swift */; };
		04848BD02725AF940072A81E /* ArtistThumbnail.swift in Sources */ = {isa = PBXBuildFile; fileRef = 04848BCF2725AF940072A81E /* ArtistThumbnail.swift */; };
		04848BD22725BC410072A81E /* AlbumPlayingImage.swift in Sources */ = {isa = PBXBuildFile; fileRef = 04848BD12725BC410072A81E /* AlbumPlayingImage.swift */; };
		04848BDB272650050072A81E /* AlbumBackdropImage.swift in Sources */ = {isa = PBXBuildFile; fileRef = 04848BDA272650050072A81E /* AlbumBackdropImage.swift */; };
		04848BDC272650050072A81E /* AlbumBackdropImage.swift in Sources */ = {isa = PBXBuildFile; fileRef = 04848BDA272650050072A81E /* AlbumBackdropImage.swift */; };
		04848BE427271D810072A81E /* ArtistRow.swift in Sources */ = {isa = PBXBuildFile; fileRef = 04848BE327271D810072A81E /* ArtistRow.swift */; };
		04848BE527271D810072A81E /* ArtistRow.swift in Sources */ = {isa = PBXBuildFile; fileRef = 04848BE327271D810072A81E /* ArtistRow.swift */; };
		04848BE727271F760072A81E /* AlbumRow.swift in Sources */ = {isa = PBXBuildFile; fileRef = 04848BE627271F760072A81E /* AlbumRow.swift */; };
		04848BE827271F760072A81E /* AlbumRow.swift in Sources */ = {isa = PBXBuildFile; fileRef = 04848BE627271F760072A81E /* AlbumRow.swift */; };
		049AE64727B69635006813DE /* AirPlayView.swift in Sources */ = {isa = PBXBuildFile; fileRef = 049AE64627B69635006813DE /* AirPlayView.swift */; };
		049AE64827B69635006813DE /* AirPlayView.swift in Sources */ = {isa = PBXBuildFile; fileRef = 049AE64627B69635006813DE /* AirPlayView.swift */; };
		04CBCDB6271371C8003E9BE9 /* ResultSet.swift in Sources */ = {isa = PBXBuildFile; fileRef = 04CBCDB5271371C8003E9BE9 /* ResultSet.swift */; };
		04CBCDB7271371C8003E9BE9 /* ResultSet.swift in Sources */ = {isa = PBXBuildFile; fileRef = 04CBCDB5271371C8003E9BE9 /* ResultSet.swift */; };
		04CBCDB927139AA1003E9BE9 /* UserDataResult.swift in Sources */ = {isa = PBXBuildFile; fileRef = 04CBCDB827139AA1003E9BE9 /* UserDataResult.swift */; };
		04CBCDBA27139AA1003E9BE9 /* UserDataResult.swift in Sources */ = {isa = PBXBuildFile; fileRef = 04CBCDB827139AA1003E9BE9 /* UserDataResult.swift */; };
		04CBCDC22713C915003E9BE9 /* LibrarySelectionView.swift in Sources */ = {isa = PBXBuildFile; fileRef = 04CBCDC12713C915003E9BE9 /* LibrarySelectionView.swift */; };
		04CBCDC32713C915003E9BE9 /* LibrarySelectionView.swift in Sources */ = {isa = PBXBuildFile; fileRef = 04CBCDC12713C915003E9BE9 /* LibrarySelectionView.swift */; };
		04CBCDC82713D1F0003E9BE9 /* LibraryResult.swift in Sources */ = {isa = PBXBuildFile; fileRef = 04CBCDC72713D1F0003E9BE9 /* LibraryResult.swift */; };
		04CBCDC92713D1F0003E9BE9 /* LibraryResult.swift in Sources */ = {isa = PBXBuildFile; fileRef = 04CBCDC72713D1F0003E9BE9 /* LibraryResult.swift */; };
		04CBCDD12715B700003E9BE9 /* Player.swift in Sources */ = {isa = PBXBuildFile; fileRef = 04CBCDD02715B700003E9BE9 /* Player.swift */; };
		04CBCDD22715B700003E9BE9 /* Player.swift in Sources */ = {isa = PBXBuildFile; fileRef = 04CBCDD02715B700003E9BE9 /* Player.swift */; };
		04CBCDDD27169BBA003E9BE9 /* CoreData.xcdatamodeld in Sources */ = {isa = PBXBuildFile; fileRef = 04CBCDDB27169BBA003E9BE9 /* CoreData.xcdatamodeld */; };
		04CBCDDE27169BBA003E9BE9 /* CoreData.xcdatamodeld in Sources */ = {isa = PBXBuildFile; fileRef = 04CBCDDB27169BBA003E9BE9 /* CoreData.xcdatamodeld */; };
		04CBCDE027169CF9003E9BE9 /* PersistenceController.swift in Sources */ = {isa = PBXBuildFile; fileRef = 04CBCDDF27169CF9003E9BE9 /* PersistenceController.swift */; };
		04CBCDE127169CF9003E9BE9 /* PersistenceController.swift in Sources */ = {isa = PBXBuildFile; fileRef = 04CBCDDF27169CF9003E9BE9 /* PersistenceController.swift */; };
		04CBCDE327196308003E9BE9 /* PlaylistDetailView.swift in Sources */ = {isa = PBXBuildFile; fileRef = 04CBCDE227196307003E9BE9 /* PlaylistDetailView.swift */; };
		04CBCDE427196308003E9BE9 /* PlaylistDetailView.swift in Sources */ = {isa = PBXBuildFile; fileRef = 04CBCDE227196307003E9BE9 /* PlaylistDetailView.swift */; };
		04D4B5EF2710BF0D0089CFC3 /* AlbumDetailView.swift in Sources */ = {isa = PBXBuildFile; fileRef = 04D4B5EE2710BF0D0089CFC3 /* AlbumDetailView.swift */; };
		04D4B5F32710E9D30089CFC3 /* LoginView.swift in Sources */ = {isa = PBXBuildFile; fileRef = 04D4B5F22710E9D30089CFC3 /* LoginView.swift */; };
		04D4B5F42710E9D30089CFC3 /* LoginView.swift in Sources */ = {isa = PBXBuildFile; fileRef = 04D4B5F22710E9D30089CFC3 /* LoginView.swift */; };
		04D4B5F92712246D0089CFC3 /* Login.swift in Sources */ = {isa = PBXBuildFile; fileRef = 04D4B5F82712246D0089CFC3 /* Login.swift */; };
		04D4B5FA2712246D0089CFC3 /* Login.swift in Sources */ = {isa = PBXBuildFile; fileRef = 04D4B5F82712246D0089CFC3 /* Login.swift */; };
		04D4B5FC271232B90089CFC3 /* UserResponse.swift in Sources */ = {isa = PBXBuildFile; fileRef = 04D4B5FB271232B90089CFC3 /* UserResponse.swift */; };
		04D4B5FD271232B90089CFC3 /* UserResponse.swift in Sources */ = {isa = PBXBuildFile; fileRef = 04D4B5FB271232B90089CFC3 /* UserResponse.swift */; };
		04D4B60327135DD50089CFC3 /* LoginResult.swift in Sources */ = {isa = PBXBuildFile; fileRef = 04D4B60227135DD50089CFC3 /* LoginResult.swift */; };
		04D4B60427135DD50089CFC3 /* LoginResult.swift in Sources */ = {isa = PBXBuildFile; fileRef = 04D4B60227135DD50089CFC3 /* LoginResult.swift */; };
		04D4B60627135DE50089CFC3 /* UserResult.swift in Sources */ = {isa = PBXBuildFile; fileRef = 04D4B60527135DE50089CFC3 /* UserResult.swift */; };
		04D4B60727135DE50089CFC3 /* UserResult.swift in Sources */ = {isa = PBXBuildFile; fileRef = 04D4B60527135DE50089CFC3 /* UserResult.swift */; };
		04D4B60927135DEA0089CFC3 /* SessionInfo.swift in Sources */ = {isa = PBXBuildFile; fileRef = 04D4B60827135DEA0089CFC3 /* SessionInfo.swift */; };
		04D4B60A27135DEA0089CFC3 /* SessionInfo.swift in Sources */ = {isa = PBXBuildFile; fileRef = 04D4B60827135DEA0089CFC3 /* SessionInfo.swift */; };
		04D4B60D27135FA50089CFC3 /* ArtistResult.swift in Sources */ = {isa = PBXBuildFile; fileRef = 04D4B60C27135FA50089CFC3 /* ArtistResult.swift */; };
		04D4B60E27135FA50089CFC3 /* ArtistResult.swift in Sources */ = {isa = PBXBuildFile; fileRef = 04D4B60C27135FA50089CFC3 /* ArtistResult.swift */; };
		04DCB7E827B71575005355C0 /* SongRow.swift in Sources */ = {isa = PBXBuildFile; fileRef = 04DCB7E727B71575005355C0 /* SongRow.swift */; };
		04DCB7EC27B8632C005355C0 /* SongsListView.swift in Sources */ = {isa = PBXBuildFile; fileRef = 04DCB7EB27B8632C005355C0 /* SongsListView.swift */; };
		04DCB7F027B990A4005355C0 /* AlbumsView.swift in Sources */ = {isa = PBXBuildFile; fileRef = 04DCB7EF27B990A4005355C0 /* AlbumsView.swift */; };
		04DCB7F227B9A532005355C0 /* LazyNavigationView.swift in Sources */ = {isa = PBXBuildFile; fileRef = 04DCB7F127B9A532005355C0 /* LazyNavigationView.swift */; };
		04DCB7F427BA0192005355C0 /* RefreshRateHelper.swift in Sources */ = {isa = PBXBuildFile; fileRef = 04DCB7F327BA0192005355C0 /* RefreshRateHelper.swift */; };
		04DCB7F627BA10A0005355C0 /* PlayerQueueView.swift in Sources */ = {isa = PBXBuildFile; fileRef = 04DCB7F527BA10A0005355C0 /* PlayerQueueView.swift */; };
		04DD578F27BE94BF0030D25C /* ArtistsListView.swift in Sources */ = {isa = PBXBuildFile; fileRef = 04DD578E27BE94BF0030D25C /* ArtistsListView.swift */; };
		04DD579027BE94BF0030D25C /* ArtistsListView.swift in Sources */ = {isa = PBXBuildFile; fileRef = 04DD578E27BE94BF0030D25C /* ArtistsListView.swift */; };
		04DD579227BE95E80030D25C /* ArtistsGalleryView.swift in Sources */ = {isa = PBXBuildFile; fileRef = 04DD579127BE95E80030D25C /* ArtistsGalleryView.swift */; };
		04DD579327BE95E80030D25C /* ArtistsGalleryView.swift in Sources */ = {isa = PBXBuildFile; fileRef = 04DD579127BE95E80030D25C /* ArtistsGalleryView.swift */; };
		04DD579527BE96B50030D25C /* SyncLibraryButton.swift in Sources */ = {isa = PBXBuildFile; fileRef = 04DD579427BE96B50030D25C /* SyncLibraryButton.swift */; };
		04DD579627BE96B50030D25C /* SyncLibraryButton.swift in Sources */ = {isa = PBXBuildFile; fileRef = 04DD579427BE96B50030D25C /* SyncLibraryButton.swift */; };
		04DD579827C00D390030D25C /* AlbumsGalleryView.swift in Sources */ = {isa = PBXBuildFile; fileRef = 04DD579727C00D390030D25C /* AlbumsGalleryView.swift */; };
		04DE4C2A27C17B4B00666E9C /* DownloadManager.swift in Sources */ = {isa = PBXBuildFile; fileRef = 04DE4C2927C17B4B00666E9C /* DownloadManager.swift */; };
		04DE4C2B27C17B4B00666E9C /* DownloadManager.swift in Sources */ = {isa = PBXBuildFile; fileRef = 04DE4C2927C17B4B00666E9C /* DownloadManager.swift */; };
		04DE4C3327C1A4A100666E9C /* PlayerSongMenu.swift in Sources */ = {isa = PBXBuildFile; fileRef = 04DE4C3227C1A4A100666E9C /* PlayerSongMenu.swift */; };
		04DE4C3427C1A4A100666E9C /* PlayerSongMenu.swift in Sources */ = {isa = PBXBuildFile; fileRef = 04DE4C3227C1A4A100666E9C /* PlayerSongMenu.swift */; };
		04DE4C3C27C1C96600666E9C /* JellifyPlayer.swift in Sources */ = {isa = PBXBuildFile; fileRef = 04DE4C3B27C1C96600666E9C /* JellifyPlayer.swift */; };
		04DE4C3D27C1C96600666E9C /* JellifyPlayer.swift in Sources */ = {isa = PBXBuildFile; fileRef = 04DE4C3B27C1C96600666E9C /* JellifyPlayer.swift */; };
		04DE4C3F27C1CA7800666E9C /* Builders.swift in Sources */ = {isa = PBXBuildFile; fileRef = 04DE4C3E27C1CA7800666E9C /* Builders.swift */; };
		04E1071A270CD307002CACB0 /* Tests_iOS.swift in Sources */ = {isa = PBXBuildFile; fileRef = 04E10719270CD307002CACB0 /* Tests_iOS.swift */; };
		04E1071C270CD307002CACB0 /* Tests_iOSLaunchTests.swift in Sources */ = {isa = PBXBuildFile; fileRef = 04E1071B270CD307002CACB0 /* Tests_iOSLaunchTests.swift */; };
		04E10726270CD307002CACB0 /* Tests_macOS.swift in Sources */ = {isa = PBXBuildFile; fileRef = 04E10725270CD307002CACB0 /* Tests_macOS.swift */; };
		04E10728270CD307002CACB0 /* Tests_macOSLaunchTests.swift in Sources */ = {isa = PBXBuildFile; fileRef = 04E10727270CD307002CACB0 /* Tests_macOSLaunchTests.swift */; };
		04E10729270CD307002CACB0 /* JellifyApp.swift in Sources */ = {isa = PBXBuildFile; fileRef = 04E10701270CD304002CACB0 /* JellifyApp.swift */; };
		04E1072A270CD307002CACB0 /* JellifyApp.swift in Sources */ = {isa = PBXBuildFile; fileRef = 04E10701270CD304002CACB0 /* JellifyApp.swift */; };
		04E1072B270CD307002CACB0 /* ContentView.swift in Sources */ = {isa = PBXBuildFile; fileRef = 04E10702270CD304002CACB0 /* ContentView.swift */; };
		04E1072C270CD307002CACB0 /* ContentView.swift in Sources */ = {isa = PBXBuildFile; fileRef = 04E10702270CD304002CACB0 /* ContentView.swift */; };
		04E1072D270CD307002CACB0 /* Assets.xcassets in Resources */ = {isa = PBXBuildFile; fileRef = 04E10703270CD307002CACB0 /* Assets.xcassets */; };
		04E1072E270CD307002CACB0 /* Assets.xcassets in Resources */ = {isa = PBXBuildFile; fileRef = 04E10703270CD307002CACB0 /* Assets.xcassets */; };
		04E10748270CD6B8002CACB0 /* SongsView.swift in Sources */ = {isa = PBXBuildFile; fileRef = 04E10747270CD6B8002CACB0 /* SongsView.swift */; };
		04E1074B270CD6E6002CACB0 /* AlbumsListView.swift in Sources */ = {isa = PBXBuildFile; fileRef = 04E1074A270CD6E6002CACB0 /* AlbumsListView.swift */; };
		04E1074E270CD6ED002CACB0 /* ArtistsView.swift in Sources */ = {isa = PBXBuildFile; fileRef = 04E1074D270CD6ED002CACB0 /* ArtistsView.swift */; };
		04E1074F270CD6ED002CACB0 /* ArtistsView.swift in Sources */ = {isa = PBXBuildFile; fileRef = 04E1074D270CD6ED002CACB0 /* ArtistsView.swift */; };
		04E10751270CD6F3002CACB0 /* PlaylistsView.swift in Sources */ = {isa = PBXBuildFile; fileRef = 04E10750270CD6F3002CACB0 /* PlaylistsView.swift */; };
		04E10752270CD6F3002CACB0 /* PlaylistsView.swift in Sources */ = {isa = PBXBuildFile; fileRef = 04E10750270CD6F3002CACB0 /* PlaylistsView.swift */; };
		04E10754270CD6FA002CACB0 /* SettingsView.swift in Sources */ = {isa = PBXBuildFile; fileRef = 04E10753270CD6FA002CACB0 /* SettingsView.swift */; };
		04E10755270CD6FA002CACB0 /* SettingsView.swift in Sources */ = {isa = PBXBuildFile; fileRef = 04E10753270CD6FA002CACB0 /* SettingsView.swift */; };
		04E10766270CFB82002CACB0 /* Colors.xcassets in Resources */ = {isa = PBXBuildFile; fileRef = 04E10765270CFB82002CACB0 /* Colors.xcassets */; };
		04E10767270CFB83002CACB0 /* Colors.xcassets in Resources */ = {isa = PBXBuildFile; fileRef = 04E10765270CFB82002CACB0 /* Colors.xcassets */; };
		04E2806A27B13D06009082B1 /* NetworkingManager.swift in Sources */ = {isa = PBXBuildFile; fileRef = 04E2806927B13D06009082B1 /* NetworkingManager.swift */; };
		04E2806B27B13D06009082B1 /* NetworkingManager.swift in Sources */ = {isa = PBXBuildFile; fileRef = 04E2806927B13D06009082B1 /* NetworkingManager.swift */; };
		04E2806E27B1B307009082B1 /* ArrayExtensions.swift in Sources */ = {isa = PBXBuildFile; fileRef = 04E2806D27B1B307009082B1 /* ArrayExtensions.swift */; };
		04E2806F27B1B308009082B1 /* ArrayExtensions.swift in Sources */ = {isa = PBXBuildFile; fileRef = 04E2806D27B1B307009082B1 /* ArrayExtensions.swift */; };
		04E2DE19270E264B007ABE38 /* ArtistDetailView.swift in Sources */ = {isa = PBXBuildFile; fileRef = 04E2DE18270E264B007ABE38 /* ArtistDetailView.swift */; };
		04E2DE1A270E264B007ABE38 /* ArtistDetailView.swift in Sources */ = {isa = PBXBuildFile; fileRef = 04E2DE18270E264B007ABE38 /* ArtistDetailView.swift */; };
		04E2DE1C270E48D9007ABE38 /* TabBarView.swift in Sources */ = {isa = PBXBuildFile; fileRef = 04E2DE1B270E48D9007ABE38 /* TabBarView.swift */; };
		04E2DE1D270E48D9007ABE38 /* TabBarView.swift in Sources */ = {isa = PBXBuildFile; fileRef = 04E2DE1B270E48D9007ABE38 /* TabBarView.swift */; };
		04E2DE23270E4A48007ABE38 /* BlurView.swift in Sources */ = {isa = PBXBuildFile; fileRef = 04E2DE22270E4A48007ABE38 /* BlurView.swift */; };
		04E2DE24270E4A48007ABE38 /* BlurView.swift in Sources */ = {isa = PBXBuildFile; fileRef = 04E2DE22270E4A48007ABE38 /* BlurView.swift */; };
		04E5332F27C5124900D83D66 /* SwimplyPlayIndicator in Frameworks */ = {isa = PBXBuildFile; productRef = 04E5332E27C5124900D83D66 /* SwimplyPlayIndicator */; };
		04E5333127C515E300D83D66 /* PlaylistArtwork.swift in Sources */ = {isa = PBXBuildFile; fileRef = 04E5333027C515E300D83D66 /* PlaylistArtwork.swift */; };
		04EED65427C66DB400BBBEF2 /* Settings.swift in Sources */ = {isa = PBXBuildFile; fileRef = 04EED65327C66DB400BBBEF2 /* Settings.swift */; };
		04EED65527C66DB400BBBEF2 /* Settings.swift in Sources */ = {isa = PBXBuildFile; fileRef = 04EED65327C66DB400BBBEF2 /* Settings.swift */; };
		04EED65827C7185800BBBEF2 /* HLSion in Frameworks */ = {isa = PBXBuildFile; productRef = 04EED65727C7185800BBBEF2 /* HLSion */; };
		04FBD83727A631D400E780F3 /* PlaylistHelper.swift in Sources */ = {isa = PBXBuildFile; fileRef = 04FBD83627A631D400E780F3 /* PlaylistHelper.swift */; };
		04FBD83927A635F200E780F3 /* SongHelper.swift in Sources */ = {isa = PBXBuildFile; fileRef = 04FBD83827A635F200E780F3 /* SongHelper.swift */; };
		04FBD83B27A721A900E780F3 /* PlaylistThumbnail.swift in Sources */ = {isa = PBXBuildFile; fileRef = 04FBD83A27A721A900E780F3 /* PlaylistThumbnail.swift */; };
		04FBD83D27A7253E00E780F3 /* ArtistImage.swift in Sources */ = {isa = PBXBuildFile; fileRef = 04FBD83C27A7253E00E780F3 /* ArtistImage.swift */; };
		04FE474927BA815E00BDEDFF /* LNPopupUI-Static in Frameworks */ = {isa = PBXBuildFile; productRef = 04FE474827BA815E00BDEDFF /* LNPopupUI-Static */; };
		04FE474B27BA91BA00BDEDFF /* NowPlayingThumbnail.swift in Sources */ = {isa = PBXBuildFile; fileRef = 04FE474A27BA91BA00BDEDFF /* NowPlayingThumbnail.swift */; };
		04FE474D27BAA05C00BDEDFF /* ScrubberBarView.swift in Sources */ = {isa = PBXBuildFile; fileRef = 04FE474C27BAA05C00BDEDFF /* ScrubberBarView.swift */; };
/* End PBXBuildFile section */

/* Begin PBXContainerItemProxy section */
		04E10716270CD307002CACB0 /* PBXContainerItemProxy */ = {
			isa = PBXContainerItemProxy;
			containerPortal = 04E106FC270CD304002CACB0 /* Project object */;
			proxyType = 1;
			remoteGlobalIDString = 04E10707270CD307002CACB0;
			remoteInfo = "FinTune (iOS)";
		};
		04E10722270CD307002CACB0 /* PBXContainerItemProxy */ = {
			isa = PBXContainerItemProxy;
			containerPortal = 04E106FC270CD304002CACB0 /* Project object */;
			proxyType = 1;
			remoteGlobalIDString = 04E1070D270CD307002CACB0;
			remoteInfo = "FinTune (macOS)";
		};
/* End PBXContainerItemProxy section */

/* Begin PBXFileReference section */
		041D3E6C271AC0D7002185CF /* CacheAsyncImage.swift */ = {isa = PBXFileReference; lastKnownFileType = sourcecode.swift; path = CacheAsyncImage.swift; sourceTree = "<group>"; };
		041D3E74271CAF89002185CF /* BackgroundCleanerView.swift */ = {isa = PBXFileReference; lastKnownFileType = sourcecode.swift; path = BackgroundCleanerView.swift; sourceTree = "<group>"; };
		041D3E7A2722E93E002185CF /* NowPlayingView.swift */ = {isa = PBXFileReference; lastKnownFileType = sourcecode.swift; path = NowPlayingView.swift; sourceTree = "<group>"; };
		0442A25027B3115700003F0C /* ToolbarView.swift */ = {isa = PBXFileReference; lastKnownFileType = sourcecode.swift; path = ToolbarView.swift; sourceTree = "<group>"; };
		0442A25327B3F52900003F0C /* ImageExtensions.swift */ = {isa = PBXFileReference; lastKnownFileType = sourcecode.swift; path = ImageExtensions.swift; sourceTree = "<group>"; };
		0442A26027B3F8FA00003F0C /* JellyfinService.swift */ = {isa = PBXFileReference; lastKnownFileType = sourcecode.swift; path = JellyfinService.swift; sourceTree = "<group>"; };
		0442A26627B3F94000003F0C /* AuthenticationService.swift */ = {isa = PBXFileReference; lastKnownFileType = sourcecode.swift; path = AuthenticationService.swift; sourceTree = "<group>"; };
		0442A26927B3F95900003F0C /* LibrarySelectionService.swift */ = {isa = PBXFileReference; lastKnownFileType = sourcecode.swift; path = LibrarySelectionService.swift; sourceTree = "<group>"; };
		0462B3BC27BBCFEE009066CD /* ArtistModel.swift */ = {isa = PBXFileReference; lastKnownFileType = sourcecode.swift; path = ArtistModel.swift; sourceTree = "<group>"; };
		0463E08527C65F2400D3957A /* NowPlayingIndicator.swift */ = {isa = PBXFileReference; lastKnownFileType = sourcecode.swift; path = NowPlayingIndicator.swift; sourceTree = "<group>"; };
		047D147E27BD1B5B00EE1878 /* Globals.swift */ = {isa = PBXFileReference; lastKnownFileType = sourcecode.swift; path = Globals.swift; sourceTree = "<group>"; };
		04848BC72725A9FE0072A81E /* PlaylistItemThumbnail.swift */ = {isa = PBXFileReference; lastKnownFileType = sourcecode.swift; path = PlaylistItemThumbnail.swift; sourceTree = "<group>"; };
		04848BC92725AA610072A81E /* ItemThumbnail.swift */ = {isa = PBXFileReference; lastKnownFileType = sourcecode.swift; path = ItemThumbnail.swift; sourceTree = "<group>"; };
		04848BCB2725AAFE0072A81E /* AlbumThumbnail.swift */ = {isa = PBXFileReference; lastKnownFileType = sourcecode.swift; path = AlbumThumbnail.swift; sourceTree = "<group>"; };
		04848BCD2725AB970072A81E /* AlbumImage.swift */ = {isa = PBXFileReference; lastKnownFileType = sourcecode.swift; path = AlbumImage.swift; sourceTree = "<group>"; };
		04848BCF2725AF940072A81E /* ArtistThumbnail.swift */ = {isa = PBXFileReference; lastKnownFileType = sourcecode.swift; path = ArtistThumbnail.swift; sourceTree = "<group>"; };
		04848BD12725BC410072A81E /* AlbumPlayingImage.swift */ = {isa = PBXFileReference; lastKnownFileType = sourcecode.swift; path = AlbumPlayingImage.swift; sourceTree = "<group>"; };
		04848BDA272650050072A81E /* AlbumBackdropImage.swift */ = {isa = PBXFileReference; lastKnownFileType = sourcecode.swift; path = AlbumBackdropImage.swift; sourceTree = "<group>"; };
		04848BE327271D810072A81E /* ArtistRow.swift */ = {isa = PBXFileReference; lastKnownFileType = sourcecode.swift; path = ArtistRow.swift; sourceTree = "<group>"; };
		04848BE627271F760072A81E /* AlbumRow.swift */ = {isa = PBXFileReference; lastKnownFileType = sourcecode.swift; path = AlbumRow.swift; sourceTree = "<group>"; };
		049AE64627B69635006813DE /* AirPlayView.swift */ = {isa = PBXFileReference; lastKnownFileType = sourcecode.swift; path = AirPlayView.swift; sourceTree = "<group>"; };
		04CBCDB5271371C8003E9BE9 /* ResultSet.swift */ = {isa = PBXFileReference; lastKnownFileType = sourcecode.swift; path = ResultSet.swift; sourceTree = "<group>"; };
		04CBCDB827139AA1003E9BE9 /* UserDataResult.swift */ = {isa = PBXFileReference; lastKnownFileType = sourcecode.swift; path = UserDataResult.swift; sourceTree = "<group>"; };
		04CBCDC12713C915003E9BE9 /* LibrarySelectionView.swift */ = {isa = PBXFileReference; lastKnownFileType = sourcecode.swift; path = LibrarySelectionView.swift; sourceTree = "<group>"; };
		04CBCDC72713D1F0003E9BE9 /* LibraryResult.swift */ = {isa = PBXFileReference; lastKnownFileType = sourcecode.swift; path = LibraryResult.swift; sourceTree = "<group>"; };
		04CBCDCD271509AD003E9BE9 /* Jellify (iOS).entitlements */ = {isa = PBXFileReference; lastKnownFileType = text.plist.entitlements; path = "Jellify (iOS).entitlements"; sourceTree = "<group>"; };
		04CBCDCE27150DB2003E9BE9 /* Jellify--iOS--Info.plist */ = {isa = PBXFileReference; lastKnownFileType = text.plist.xml; path = "Jellify--iOS--Info.plist"; sourceTree = "<group>"; };
		04CBCDD02715B700003E9BE9 /* Player.swift */ = {isa = PBXFileReference; lastKnownFileType = sourcecode.swift; path = Player.swift; sourceTree = "<group>"; };
		04CBCDDC27169BBA003E9BE9 /* CoreData.xcdatamodel */ = {isa = PBXFileReference; lastKnownFileType = wrapper.xcdatamodel; path = CoreData.xcdatamodel; sourceTree = "<group>"; };
		04CBCDDF27169CF9003E9BE9 /* PersistenceController.swift */ = {isa = PBXFileReference; lastKnownFileType = sourcecode.swift; path = PersistenceController.swift; sourceTree = SOURCE_ROOT; };
		04CBCDE227196307003E9BE9 /* PlaylistDetailView.swift */ = {isa = PBXFileReference; lastKnownFileType = sourcecode.swift; path = PlaylistDetailView.swift; sourceTree = "<group>"; };
		04D4B5EE2710BF0D0089CFC3 /* AlbumDetailView.swift */ = {isa = PBXFileReference; lastKnownFileType = sourcecode.swift; path = AlbumDetailView.swift; sourceTree = "<group>"; };
		04D4B5F22710E9D30089CFC3 /* LoginView.swift */ = {isa = PBXFileReference; lastKnownFileType = sourcecode.swift; path = LoginView.swift; sourceTree = "<group>"; };
		04D4B5F82712246D0089CFC3 /* Login.swift */ = {isa = PBXFileReference; lastKnownFileType = sourcecode.swift; path = Login.swift; sourceTree = "<group>"; };
		04D4B5FB271232B90089CFC3 /* UserResponse.swift */ = {isa = PBXFileReference; lastKnownFileType = sourcecode.swift; path = UserResponse.swift; sourceTree = "<group>"; };
		04D4B60227135DD50089CFC3 /* LoginResult.swift */ = {isa = PBXFileReference; lastKnownFileType = sourcecode.swift; path = LoginResult.swift; sourceTree = "<group>"; };
		04D4B60527135DE50089CFC3 /* UserResult.swift */ = {isa = PBXFileReference; lastKnownFileType = sourcecode.swift; path = UserResult.swift; sourceTree = "<group>"; };
		04D4B60827135DEA0089CFC3 /* SessionInfo.swift */ = {isa = PBXFileReference; lastKnownFileType = sourcecode.swift; path = SessionInfo.swift; sourceTree = "<group>"; };
		04D4B60C27135FA50089CFC3 /* ArtistResult.swift */ = {isa = PBXFileReference; lastKnownFileType = sourcecode.swift; path = ArtistResult.swift; sourceTree = "<group>"; };
		04DCB7E727B71575005355C0 /* SongRow.swift */ = {isa = PBXFileReference; lastKnownFileType = sourcecode.swift; path = SongRow.swift; sourceTree = "<group>"; };
		04DCB7EB27B8632C005355C0 /* SongsListView.swift */ = {isa = PBXFileReference; lastKnownFileType = sourcecode.swift; path = SongsListView.swift; sourceTree = "<group>"; };
		04DCB7EF27B990A4005355C0 /* AlbumsView.swift */ = {isa = PBXFileReference; lastKnownFileType = sourcecode.swift; path = AlbumsView.swift; sourceTree = "<group>"; };
		04DCB7F127B9A532005355C0 /* LazyNavigationView.swift */ = {isa = PBXFileReference; lastKnownFileType = sourcecode.swift; path = LazyNavigationView.swift; sourceTree = "<group>"; };
		04DCB7F327BA0192005355C0 /* RefreshRateHelper.swift */ = {isa = PBXFileReference; lastKnownFileType = sourcecode.swift; path = RefreshRateHelper.swift; sourceTree = "<group>"; };
		04DCB7F527BA10A0005355C0 /* PlayerQueueView.swift */ = {isa = PBXFileReference; lastKnownFileType = sourcecode.swift; path = PlayerQueueView.swift; sourceTree = "<group>"; };
		04DD578E27BE94BF0030D25C /* ArtistsListView.swift */ = {isa = PBXFileReference; lastKnownFileType = sourcecode.swift; path = ArtistsListView.swift; sourceTree = "<group>"; };
		04DD579127BE95E80030D25C /* ArtistsGalleryView.swift */ = {isa = PBXFileReference; lastKnownFileType = sourcecode.swift; path = ArtistsGalleryView.swift; sourceTree = "<group>"; };
		04DD579427BE96B50030D25C /* SyncLibraryButton.swift */ = {isa = PBXFileReference; lastKnownFileType = sourcecode.swift; path = SyncLibraryButton.swift; sourceTree = "<group>"; };
		04DD579727C00D390030D25C /* AlbumsGalleryView.swift */ = {isa = PBXFileReference; lastKnownFileType = sourcecode.swift; path = AlbumsGalleryView.swift; sourceTree = "<group>"; };
		04DE4C2927C17B4B00666E9C /* DownloadManager.swift */ = {isa = PBXFileReference; lastKnownFileType = sourcecode.swift; path = DownloadManager.swift; sourceTree = "<group>"; };
		04DE4C3227C1A4A100666E9C /* PlayerSongMenu.swift */ = {isa = PBXFileReference; lastKnownFileType = sourcecode.swift; path = PlayerSongMenu.swift; sourceTree = "<group>"; };
		04DE4C3B27C1C96600666E9C /* JellifyPlayer.swift */ = {isa = PBXFileReference; lastKnownFileType = sourcecode.swift; path = JellifyPlayer.swift; sourceTree = "<group>"; };
		04DE4C3E27C1CA7800666E9C /* Builders.swift */ = {isa = PBXFileReference; lastKnownFileType = sourcecode.swift; path = Builders.swift; sourceTree = "<group>"; };
		04E10701270CD304002CACB0 /* JellifyApp.swift */ = {isa = PBXFileReference; lastKnownFileType = sourcecode.swift; path = JellifyApp.swift; sourceTree = "<group>"; };
		04E10702270CD304002CACB0 /* ContentView.swift */ = {isa = PBXFileReference; lastKnownFileType = sourcecode.swift; path = ContentView.swift; sourceTree = "<group>"; };
		04E10703270CD307002CACB0 /* Assets.xcassets */ = {isa = PBXFileReference; lastKnownFileType = folder.assetcatalog; path = Assets.xcassets; sourceTree = "<group>"; };
		04E10708270CD307002CACB0 /* Jellify.app */ = {isa = PBXFileReference; explicitFileType = wrapper.application; includeInIndex = 0; path = Jellify.app; sourceTree = BUILT_PRODUCTS_DIR; };
		04E1070E270CD307002CACB0 /* Jellify.app */ = {isa = PBXFileReference; explicitFileType = wrapper.application; includeInIndex = 0; path = Jellify.app; sourceTree = BUILT_PRODUCTS_DIR; };
		04E10710270CD307002CACB0 /* macOS.entitlements */ = {isa = PBXFileReference; lastKnownFileType = text.plist.entitlements; path = macOS.entitlements; sourceTree = "<group>"; };
		04E10715270CD307002CACB0 /* Tests iOS.xctest */ = {isa = PBXFileReference; explicitFileType = wrapper.cfbundle; includeInIndex = 0; path = "Tests iOS.xctest"; sourceTree = BUILT_PRODUCTS_DIR; };
		04E10719270CD307002CACB0 /* Tests_iOS.swift */ = {isa = PBXFileReference; lastKnownFileType = sourcecode.swift; path = Tests_iOS.swift; sourceTree = "<group>"; };
		04E1071B270CD307002CACB0 /* Tests_iOSLaunchTests.swift */ = {isa = PBXFileReference; lastKnownFileType = sourcecode.swift; path = Tests_iOSLaunchTests.swift; sourceTree = "<group>"; };
		04E10721270CD307002CACB0 /* Tests macOS.xctest */ = {isa = PBXFileReference; explicitFileType = wrapper.cfbundle; includeInIndex = 0; path = "Tests macOS.xctest"; sourceTree = BUILT_PRODUCTS_DIR; };
		04E10725270CD307002CACB0 /* Tests_macOS.swift */ = {isa = PBXFileReference; lastKnownFileType = sourcecode.swift; path = Tests_macOS.swift; sourceTree = "<group>"; };
		04E10727270CD307002CACB0 /* Tests_macOSLaunchTests.swift */ = {isa = PBXFileReference; lastKnownFileType = sourcecode.swift; path = Tests_macOSLaunchTests.swift; sourceTree = "<group>"; };
		04E10747270CD6B8002CACB0 /* SongsView.swift */ = {isa = PBXFileReference; lastKnownFileType = sourcecode.swift; path = SongsView.swift; sourceTree = "<group>"; };
		04E1074A270CD6E6002CACB0 /* AlbumsListView.swift */ = {isa = PBXFileReference; lastKnownFileType = sourcecode.swift; path = AlbumsListView.swift; sourceTree = "<group>"; };
		04E1074D270CD6ED002CACB0 /* ArtistsView.swift */ = {isa = PBXFileReference; lastKnownFileType = sourcecode.swift; path = ArtistsView.swift; sourceTree = "<group>"; };
		04E10750270CD6F3002CACB0 /* PlaylistsView.swift */ = {isa = PBXFileReference; lastKnownFileType = sourcecode.swift; path = PlaylistsView.swift; sourceTree = "<group>"; };
		04E10753270CD6FA002CACB0 /* SettingsView.swift */ = {isa = PBXFileReference; lastKnownFileType = sourcecode.swift; path = SettingsView.swift; sourceTree = "<group>"; };
		04E10765270CFB82002CACB0 /* Colors.xcassets */ = {isa = PBXFileReference; lastKnownFileType = folder.assetcatalog; path = Colors.xcassets; sourceTree = "<group>"; };
		04E2806927B13D06009082B1 /* NetworkingManager.swift */ = {isa = PBXFileReference; lastKnownFileType = sourcecode.swift; path = NetworkingManager.swift; sourceTree = "<group>"; };
		04E2806D27B1B307009082B1 /* ArrayExtensions.swift */ = {isa = PBXFileReference; lastKnownFileType = sourcecode.swift; path = ArrayExtensions.swift; sourceTree = "<group>"; };
		04E2DE18270E264B007ABE38 /* ArtistDetailView.swift */ = {isa = PBXFileReference; lastKnownFileType = sourcecode.swift; path = ArtistDetailView.swift; sourceTree = "<group>"; };
		04E2DE1B270E48D9007ABE38 /* TabBarView.swift */ = {isa = PBXFileReference; lastKnownFileType = sourcecode.swift; path = TabBarView.swift; sourceTree = "<group>"; };
		04E2DE22270E4A48007ABE38 /* BlurView.swift */ = {isa = PBXFileReference; lastKnownFileType = sourcecode.swift; path = BlurView.swift; sourceTree = "<group>"; };
		04E5333027C515E300D83D66 /* PlaylistArtwork.swift */ = {isa = PBXFileReference; lastKnownFileType = sourcecode.swift; path = PlaylistArtwork.swift; sourceTree = "<group>"; };
		04EED65327C66DB400BBBEF2 /* Settings.swift */ = {isa = PBXFileReference; lastKnownFileType = sourcecode.swift; path = Settings.swift; sourceTree = "<group>"; };
		04FBD83627A631D400E780F3 /* PlaylistHelper.swift */ = {isa = PBXFileReference; lastKnownFileType = sourcecode.swift; path = PlaylistHelper.swift; sourceTree = "<group>"; };
		04FBD83827A635F200E780F3 /* SongHelper.swift */ = {isa = PBXFileReference; lastKnownFileType = sourcecode.swift; path = SongHelper.swift; sourceTree = "<group>"; };
		04FBD83A27A721A900E780F3 /* PlaylistThumbnail.swift */ = {isa = PBXFileReference; lastKnownFileType = sourcecode.swift; path = PlaylistThumbnail.swift; sourceTree = "<group>"; };
		04FBD83C27A7253E00E780F3 /* ArtistImage.swift */ = {isa = PBXFileReference; lastKnownFileType = sourcecode.swift; path = ArtistImage.swift; sourceTree = "<group>"; };
		04FE474A27BA91BA00BDEDFF /* NowPlayingThumbnail.swift */ = {isa = PBXFileReference; lastKnownFileType = sourcecode.swift; path = NowPlayingThumbnail.swift; sourceTree = "<group>"; };
		04FE474C27BAA05C00BDEDFF /* ScrubberBarView.swift */ = {isa = PBXFileReference; lastKnownFileType = sourcecode.swift; path = ScrubberBarView.swift; sourceTree = "<group>"; };
/* End PBXFileReference section */

/* Begin PBXFrameworksBuildPhase section */
		04E10705270CD307002CACB0 /* Frameworks */ = {
			isa = PBXFrameworksBuildPhase;
			buildActionMask = 2147483647;
			files = (
				041D3E79271DABF1002185CF /* JellyfinAPI in Frameworks */,
				04FE474927BA815E00BDEDFF /* LNPopupUI-Static in Frameworks */,
				04E5332F27C5124900D83D66 /* SwimplyPlayIndicator in Frameworks */,
				040EFDD327C3BEE800D67B79 /* SwiftUIX in Frameworks */,
				047F493027BBF4920076B45E /* SwiftAudioPlayer in Frameworks */,
				04EED65827C7185800BBBEF2 /* HLSion in Frameworks */,
			);
			runOnlyForDeploymentPostprocessing = 0;
		};
		04E1070B270CD307002CACB0 /* Frameworks */ = {
			isa = PBXFrameworksBuildPhase;
			buildActionMask = 2147483647;
			files = (
			);
			runOnlyForDeploymentPostprocessing = 0;
		};
		04E10712270CD307002CACB0 /* Frameworks */ = {
			isa = PBXFrameworksBuildPhase;
			buildActionMask = 2147483647;
			files = (
			);
			runOnlyForDeploymentPostprocessing = 0;
		};
		04E1071E270CD307002CACB0 /* Frameworks */ = {
			isa = PBXFrameworksBuildPhase;
			buildActionMask = 2147483647;
			files = (
			);
			runOnlyForDeploymentPostprocessing = 0;
		};
/* End PBXFrameworksBuildPhase section */

/* Begin PBXGroup section */
		041D3E67271A90DB002185CF /* Player */ = {
			isa = PBXGroup;
			children = (
				041D3E7A2722E93E002185CF /* NowPlayingView.swift */,
				04DCB7F527BA10A0005355C0 /* PlayerQueueView.swift */,
				04FE474C27BAA05C00BDEDFF /* ScrubberBarView.swift */,
				04DE4C3227C1A4A100666E9C /* PlayerSongMenu.swift */,
			);
			path = Player;
			sourceTree = "<group>";
		};
		041D3E6B271AC0C6002185CF /* Cache */ = {
			isa = PBXGroup;
			children = (
				041D3E6C271AC0D7002185CF /* CacheAsyncImage.swift */,
			);
			path = Cache;
			sourceTree = "<group>";
		};
		041D3E70271C41F8002185CF /* Playlist */ = {
			isa = PBXGroup;
			children = (
				04E10750270CD6F3002CACB0 /* PlaylistsView.swift */,
				04CBCDE227196307003E9BE9 /* PlaylistDetailView.swift */,
			);
			path = Playlist;
			sourceTree = "<group>";
		};
		0442A26C27B3F98900003F0C /* Services */ = {
			isa = PBXGroup;
			children = (
				0442A26027B3F8FA00003F0C /* JellyfinService.swift */,
				0442A26627B3F94000003F0C /* AuthenticationService.swift */,
				0442A26927B3F95900003F0C /* LibrarySelectionService.swift */,
			);
			path = Services;
			sourceTree = "<group>";
		};
		047D148427BD272700EE1878 /* Observers */ = {
			isa = PBXGroup;
			children = (
			);
			path = Observers;
			sourceTree = "<group>";
		};
		04848BC62725A9F00072A81E /* Images */ = {
			isa = PBXGroup;
			children = (
				04848BC72725A9FE0072A81E /* PlaylistItemThumbnail.swift */,
				04848BC92725AA610072A81E /* ItemThumbnail.swift */,
				04848BCB2725AAFE0072A81E /* AlbumThumbnail.swift */,
				04848BCD2725AB970072A81E /* AlbumImage.swift */,
				04848BCF2725AF940072A81E /* ArtistThumbnail.swift */,
				04848BD12725BC410072A81E /* AlbumPlayingImage.swift */,
				04848BDA272650050072A81E /* AlbumBackdropImage.swift */,
				04FBD83A27A721A900E780F3 /* PlaylistThumbnail.swift */,
				04FBD83C27A7253E00E780F3 /* ArtistImage.swift */,
				04FE474A27BA91BA00BDEDFF /* NowPlayingThumbnail.swift */,
				04E5333027C515E300D83D66 /* PlaylistArtwork.swift */,
			);
			path = Images;
			sourceTree = "<group>";
		};
		04D4B5F12710E9C80089CFC3 /* Login */ = {
			isa = PBXGroup;
			children = (
				04D4B5F22710E9D30089CFC3 /* LoginView.swift */,
				04CBCDC12713C915003E9BE9 /* LibrarySelectionView.swift */,
			);
			path = Login;
			sourceTree = "<group>";
		};
		04D4B60127135DCB0089CFC3 /* Results */ = {
			isa = PBXGroup;
			children = (
				04D4B60B27135F890089CFC3 /* Authentication */,
				04D4B60C27135FA50089CFC3 /* ArtistResult.swift */,
				04D4B5FB271232B90089CFC3 /* UserResponse.swift */,
				04CBCDB5271371C8003E9BE9 /* ResultSet.swift */,
				04CBCDB827139AA1003E9BE9 /* UserDataResult.swift */,
				04CBCDC72713D1F0003E9BE9 /* LibraryResult.swift */,
				04D4B5F82712246D0089CFC3 /* Login.swift */,
			);
			path = Results;
			sourceTree = "<group>";
		};
		04D4B60B27135F890089CFC3 /* Authentication */ = {
			isa = PBXGroup;
			children = (
				04D4B60227135DD50089CFC3 /* LoginResult.swift */,
				04D4B60527135DE50089CFC3 /* UserResult.swift */,
				04D4B60827135DEA0089CFC3 /* SessionInfo.swift */,
			);
			path = Authentication;
			sourceTree = "<group>";
		};
		04DCB7E627B7156B005355C0 /* Song */ = {
			isa = PBXGroup;
			children = (
				04E10747270CD6B8002CACB0 /* SongsView.swift */,
				04DCB7E727B71575005355C0 /* SongRow.swift */,
				04DCB7EB27B8632C005355C0 /* SongsListView.swift */,
			);
			path = Song;
			sourceTree = "<group>";
		};
		04DCB7FA27BA7E06005355C0 /* Frameworks */ = {
			isa = PBXGroup;
			children = (
			);
			name = Frameworks;
			sourceTree = "<group>";
		};
		04E106FB270CD304002CACB0 = {
			isa = PBXGroup;
			children = (
				04CBCDCE27150DB2003E9BE9 /* Jellify--iOS--Info.plist */,
				04CBCDCD271509AD003E9BE9 /* Jellify (iOS).entitlements */,
				04E10700270CD304002CACB0 /* Shared */,
				04E1070F270CD307002CACB0 /* macOS */,
				04E10718270CD307002CACB0 /* Tests iOS */,
				04E10724270CD307002CACB0 /* Tests macOS */,
				04E10709270CD307002CACB0 /* Products */,
				04DCB7FA27BA7E06005355C0 /* Frameworks */,
			);
			sourceTree = "<group>";
		};
		04E10700270CD304002CACB0 /* Shared */ = {
			isa = PBXGroup;
			children = (
				047D148427BD272700EE1878 /* Observers */,
				0442A26C27B3F98900003F0C /* Services */,
				04E2806C27B1B2FD009082B1 /* Extensions */,
				04E2806827B13CFC009082B1 /* Managers */,
				04FBD83527A631B500E780F3 /* Helpers */,
				041D3E6B271AC0C6002185CF /* Cache */,
				04D4B60127135DCB0089CFC3 /* Results */,
				04E1073D270CD63F002CACB0 /* Views */,
				04E10701270CD304002CACB0 /* JellifyApp.swift */,
				04E10702270CD304002CACB0 /* ContentView.swift */,
				04E10703270CD307002CACB0 /* Assets.xcassets */,
				04E10765270CFB82002CACB0 /* Colors.xcassets */,
				04CBCDD02715B700003E9BE9 /* Player.swift */,
				04CBCDDB27169BBA003E9BE9 /* CoreData.xcdatamodeld */,
				04CBCDDF27169CF9003E9BE9 /* PersistenceController.swift */,
				0462B3BC27BBCFEE009066CD /* ArtistModel.swift */,
				047D147E27BD1B5B00EE1878 /* Globals.swift */,
				04DE4C3B27C1C96600666E9C /* JellifyPlayer.swift */,
				04EED65327C66DB400BBBEF2 /* Settings.swift */,
			);
			path = Shared;
			sourceTree = "<group>";
		};
		04E10709270CD307002CACB0 /* Products */ = {
			isa = PBXGroup;
			children = (
				04E10708270CD307002CACB0 /* Jellify.app */,
				04E1070E270CD307002CACB0 /* Jellify.app */,
				04E10715270CD307002CACB0 /* Tests iOS.xctest */,
				04E10721270CD307002CACB0 /* Tests macOS.xctest */,
			);
			name = Products;
			sourceTree = "<group>";
		};
		04E1070F270CD307002CACB0 /* macOS */ = {
			isa = PBXGroup;
			children = (
				04E10710270CD307002CACB0 /* macOS.entitlements */,
			);
			path = macOS;
			sourceTree = "<group>";
		};
		04E10718270CD307002CACB0 /* Tests iOS */ = {
			isa = PBXGroup;
			children = (
				04E10719270CD307002CACB0 /* Tests_iOS.swift */,
				04E1071B270CD307002CACB0 /* Tests_iOSLaunchTests.swift */,
			);
			path = "Tests iOS";
			sourceTree = "<group>";
		};
		04E10724270CD307002CACB0 /* Tests macOS */ = {
			isa = PBXGroup;
			children = (
				04E10725270CD307002CACB0 /* Tests_macOS.swift */,
				04E10727270CD307002CACB0 /* Tests_macOSLaunchTests.swift */,
			);
			path = "Tests macOS";
			sourceTree = "<group>";
		};
		04E1073D270CD63F002CACB0 /* Views */ = {
			isa = PBXGroup;
			children = (
				04DCB7E627B7156B005355C0 /* Song */,
				04848BC62725A9F00072A81E /* Images */,
				041D3E67271A90DB002185CF /* Player */,
				04D4B5F12710E9C80089CFC3 /* Login */,
				04E2DE26270FC827007ABE38 /* Album */,
				04E2DE1E270E49E8007ABE38 /* BottomBar */,
				04E2DE25270FA67D007ABE38 /* Artist */,
				041D3E70271C41F8002185CF /* Playlist */,
				04E10753270CD6FA002CACB0 /* SettingsView.swift */,
				041D3E74271CAF89002185CF /* BackgroundCleanerView.swift */,
				0442A25027B3115700003F0C /* ToolbarView.swift */,
				049AE64627B69635006813DE /* AirPlayView.swift */,
				04DCB7F127B9A532005355C0 /* LazyNavigationView.swift */,
				04DD579427BE96B50030D25C /* SyncLibraryButton.swift */,
				0463E08527C65F2400D3957A /* NowPlayingIndicator.swift */,
			);
			path = Views;
			sourceTree = "<group>";
		};
		04E2806827B13CFC009082B1 /* Managers */ = {
			isa = PBXGroup;
			children = (
				04E2806927B13D06009082B1 /* NetworkingManager.swift */,
				04DE4C2927C17B4B00666E9C /* DownloadManager.swift */,
			);
			path = Managers;
			sourceTree = "<group>";
		};
		04E2806C27B1B2FD009082B1 /* Extensions */ = {
			isa = PBXGroup;
			children = (
				04E2806D27B1B307009082B1 /* ArrayExtensions.swift */,
				0442A25327B3F52900003F0C /* ImageExtensions.swift */,
			);
			path = Extensions;
			sourceTree = "<group>";
		};
		04E2DE1E270E49E8007ABE38 /* BottomBar */ = {
			isa = PBXGroup;
			children = (
				04E2DE1B270E48D9007ABE38 /* TabBarView.swift */,
				04E2DE22270E4A48007ABE38 /* BlurView.swift */,
			);
			path = BottomBar;
			sourceTree = "<group>";
		};
		04E2DE25270FA67D007ABE38 /* Artist */ = {
			isa = PBXGroup;
			children = (
				04E2DE18270E264B007ABE38 /* ArtistDetailView.swift */,
				04E1074D270CD6ED002CACB0 /* ArtistsView.swift */,
				04848BE327271D810072A81E /* ArtistRow.swift */,
				04848BE627271F760072A81E /* AlbumRow.swift */,
				04DD578E27BE94BF0030D25C /* ArtistsListView.swift */,
				04DD579127BE95E80030D25C /* ArtistsGalleryView.swift */,
			);
			path = Artist;
			sourceTree = "<group>";
		};
		04E2DE26270FC827007ABE38 /* Album */ = {
			isa = PBXGroup;
			children = (
				04E1074A270CD6E6002CACB0 /* AlbumsListView.swift */,
				04D4B5EE2710BF0D0089CFC3 /* AlbumDetailView.swift */,
				04DCB7EF27B990A4005355C0 /* AlbumsView.swift */,
				04DD579727C00D390030D25C /* AlbumsGalleryView.swift */,
			);
			path = Album;
			sourceTree = "<group>";
		};
		04FBD83527A631B500E780F3 /* Helpers */ = {
			isa = PBXGroup;
			children = (
				04DE4C3E27C1CA7800666E9C /* Builders.swift */,
				04FBD83627A631D400E780F3 /* PlaylistHelper.swift */,
				04FBD83827A635F200E780F3 /* SongHelper.swift */,
				04DCB7F327BA0192005355C0 /* RefreshRateHelper.swift */,
			);
			path = Helpers;
			sourceTree = "<group>";
		};
/* End PBXGroup section */

/* Begin PBXNativeTarget section */
		04E10707270CD307002CACB0 /* Jellify (iOS) */ = {
			isa = PBXNativeTarget;
			buildConfigurationList = 04E10731270CD307002CACB0 /* Build configuration list for PBXNativeTarget "Jellify (iOS)" */;
			buildPhases = (
				04E10704270CD307002CACB0 /* Sources */,
				04E10705270CD307002CACB0 /* Frameworks */,
				04E10706270CD307002CACB0 /* Resources */,
			);
			buildRules = (
			);
			dependencies = (
			);
			name = "Jellify (iOS)";
			packageProductDependencies = (
				041D3E78271DABF1002185CF /* JellyfinAPI */,
				04FE474827BA815E00BDEDFF /* LNPopupUI-Static */,
				047F492F27BBF4920076B45E /* SwiftAudioPlayer */,
				040EFDD227C3BEE800D67B79 /* SwiftUIX */,
				04E5332E27C5124900D83D66 /* SwimplyPlayIndicator */,
				04EED65727C7185800BBBEF2 /* HLSion */,
			);
			productName = "FinTune (iOS)";
			productReference = 04E10708270CD307002CACB0 /* Jellify.app */;
			productType = "com.apple.product-type.application";
		};
		04E1070D270CD307002CACB0 /* Jellify (macOS) */ = {
			isa = PBXNativeTarget;
			buildConfigurationList = 04E10734270CD307002CACB0 /* Build configuration list for PBXNativeTarget "Jellify (macOS)" */;
			buildPhases = (
				04E1070A270CD307002CACB0 /* Sources */,
				04E1070B270CD307002CACB0 /* Frameworks */,
				04E1070C270CD307002CACB0 /* Resources */,
			);
			buildRules = (
			);
			dependencies = (
			);
			name = "Jellify (macOS)";
			productName = "FinTune (macOS)";
			productReference = 04E1070E270CD307002CACB0 /* Jellify.app */;
			productType = "com.apple.product-type.application";
		};
		04E10714270CD307002CACB0 /* Tests iOS */ = {
			isa = PBXNativeTarget;
			buildConfigurationList = 04E10737270CD307002CACB0 /* Build configuration list for PBXNativeTarget "Tests iOS" */;
			buildPhases = (
				04E10711270CD307002CACB0 /* Sources */,
				04E10712270CD307002CACB0 /* Frameworks */,
				04E10713270CD307002CACB0 /* Resources */,
			);
			buildRules = (
			);
			dependencies = (
				04E10717270CD307002CACB0 /* PBXTargetDependency */,
			);
			name = "Tests iOS";
			productName = "Tests iOS";
			productReference = 04E10715270CD307002CACB0 /* Tests iOS.xctest */;
			productType = "com.apple.product-type.bundle.ui-testing";
		};
		04E10720270CD307002CACB0 /* Tests macOS */ = {
			isa = PBXNativeTarget;
			buildConfigurationList = 04E1073A270CD307002CACB0 /* Build configuration list for PBXNativeTarget "Tests macOS" */;
			buildPhases = (
				04E1071D270CD307002CACB0 /* Sources */,
				04E1071E270CD307002CACB0 /* Frameworks */,
				04E1071F270CD307002CACB0 /* Resources */,
			);
			buildRules = (
			);
			dependencies = (
				04E10723270CD307002CACB0 /* PBXTargetDependency */,
			);
			name = "Tests macOS";
			productName = "Tests macOS";
			productReference = 04E10721270CD307002CACB0 /* Tests macOS.xctest */;
			productType = "com.apple.product-type.bundle.ui-testing";
		};
/* End PBXNativeTarget section */

/* Begin PBXProject section */
		04E106FC270CD304002CACB0 /* Project object */ = {
			isa = PBXProject;
			attributes = {
				BuildIndependentTargetsInParallel = 1;
				LastSwiftUpdateCheck = 1300;
				LastUpgradeCheck = 1320;
				TargetAttributes = {
					04E10707270CD307002CACB0 = {
						CreatedOnToolsVersion = 13.0;
					};
					04E1070D270CD307002CACB0 = {
						CreatedOnToolsVersion = 13.0;
					};
					04E10714270CD307002CACB0 = {
						CreatedOnToolsVersion = 13.0;
						TestTargetID = 04E10707270CD307002CACB0;
					};
					04E10720270CD307002CACB0 = {
						CreatedOnToolsVersion = 13.0;
						TestTargetID = 04E1070D270CD307002CACB0;
					};
				};
			};
			buildConfigurationList = 04E106FF270CD304002CACB0 /* Build configuration list for PBXProject "Jellify" */;
			compatibilityVersion = "Xcode 13.0";
			developmentRegion = en;
			hasScannedForEncodings = 0;
			knownRegions = (
				en,
				Base,
			);
			mainGroup = 04E106FB270CD304002CACB0;
			packageReferences = (
				041D3E77271DABF1002185CF /* XCRemoteSwiftPackageReference "jellyfin-sdk-swift" */,
				04FE474727BA815E00BDEDFF /* XCRemoteSwiftPackageReference "LNPopupUI" */,
				047F492E27BBF4920076B45E /* XCRemoteSwiftPackageReference "SwiftAudioPlayer" */,
				040EFDD127C3BEE800D67B79 /* XCRemoteSwiftPackageReference "SwiftUIX" */,
				04E5332D27C5124900D83D66 /* XCRemoteSwiftPackageReference "SwimplyPlayIndicator" */,
				04EED65627C7185800BBBEF2 /* XCRemoteSwiftPackageReference "HLSion" */,
			);
			productRefGroup = 04E10709270CD307002CACB0 /* Products */;
			projectDirPath = "";
			projectRoot = "";
			targets = (
				04E10707270CD307002CACB0 /* Jellify (iOS) */,
				04E1070D270CD307002CACB0 /* Jellify (macOS) */,
				04E10714270CD307002CACB0 /* Tests iOS */,
				04E10720270CD307002CACB0 /* Tests macOS */,
			);
		};
/* End PBXProject section */

/* Begin PBXResourcesBuildPhase section */
		04E10706270CD307002CACB0 /* Resources */ = {
			isa = PBXResourcesBuildPhase;
			buildActionMask = 2147483647;
			files = (
				04E1072D270CD307002CACB0 /* Assets.xcassets in Resources */,
				04E10766270CFB82002CACB0 /* Colors.xcassets in Resources */,
			);
			runOnlyForDeploymentPostprocessing = 0;
		};
		04E1070C270CD307002CACB0 /* Resources */ = {
			isa = PBXResourcesBuildPhase;
			buildActionMask = 2147483647;
			files = (
				04E1072E270CD307002CACB0 /* Assets.xcassets in Resources */,
				04E10767270CFB83002CACB0 /* Colors.xcassets in Resources */,
			);
			runOnlyForDeploymentPostprocessing = 0;
		};
		04E10713270CD307002CACB0 /* Resources */ = {
			isa = PBXResourcesBuildPhase;
			buildActionMask = 2147483647;
			files = (
			);
			runOnlyForDeploymentPostprocessing = 0;
		};
		04E1071F270CD307002CACB0 /* Resources */ = {
			isa = PBXResourcesBuildPhase;
			buildActionMask = 2147483647;
			files = (
			);
			runOnlyForDeploymentPostprocessing = 0;
		};
/* End PBXResourcesBuildPhase section */

/* Begin PBXSourcesBuildPhase section */
		04E10704270CD307002CACB0 /* Sources */ = {
			isa = PBXSourcesBuildPhase;
			buildActionMask = 2147483647;
			files = (
				04DD579827C00D390030D25C /* AlbumsGalleryView.swift in Sources */,
				04E10754270CD6FA002CACB0 /* SettingsView.swift in Sources */,
				04E10751270CD6F3002CACB0 /* PlaylistsView.swift in Sources */,
				04848BE727271F760072A81E /* AlbumRow.swift in Sources */,
				0442A26727B3F94000003F0C /* AuthenticationService.swift in Sources */,
				04DCB7F027B990A4005355C0 /* AlbumsView.swift in Sources */,
				041D3E75271CAF89002185CF /* BackgroundCleanerView.swift in Sources */,
				04CBCDE327196308003E9BE9 /* PlaylistDetailView.swift in Sources */,
				04FBD83D27A7253E00E780F3 /* ArtistImage.swift in Sources */,
				04DCB7F627BA10A0005355C0 /* PlayerQueueView.swift in Sources */,
				04DE4C3327C1A4A100666E9C /* PlayerSongMenu.swift in Sources */,
				04E2DE23270E4A48007ABE38 /* BlurView.swift in Sources */,
				04848BCC2725AAFE0072A81E /* AlbumThumbnail.swift in Sources */,
				04E2806A27B13D06009082B1 /* NetworkingManager.swift in Sources */,
				04848BCA2725AA610072A81E /* ItemThumbnail.swift in Sources */,
				04FE474B27BA91BA00BDEDFF /* NowPlayingThumbnail.swift in Sources */,
				04E1072B270CD307002CACB0 /* ContentView.swift in Sources */,
				04D4B60327135DD50089CFC3 /* LoginResult.swift in Sources */,
				04848BE427271D810072A81E /* ArtistRow.swift in Sources */,
				04DCB7E827B71575005355C0 /* SongRow.swift in Sources */,
				04CBCDC82713D1F0003E9BE9 /* LibraryResult.swift in Sources */,
				0462B3BD27BBCFEE009066CD /* ArtistModel.swift in Sources */,
				04D4B60627135DE50089CFC3 /* UserResult.swift in Sources */,
				04FBD83927A635F200E780F3 /* SongHelper.swift in Sources */,
				041D3E7B2722E93F002185CF /* NowPlayingView.swift in Sources */,
				04CBCDB6271371C8003E9BE9 /* ResultSet.swift in Sources */,
				04DCB7F427BA0192005355C0 /* RefreshRateHelper.swift in Sources */,
				04EED65427C66DB400BBBEF2 /* Settings.swift in Sources */,
				04E10748270CD6B8002CACB0 /* SongsView.swift in Sources */,
				04E1074E270CD6ED002CACB0 /* ArtistsView.swift in Sources */,
				04E2DE19270E264B007ABE38 /* ArtistDetailView.swift in Sources */,
				04DCB7F227B9A532005355C0 /* LazyNavigationView.swift in Sources */,
				0442A26127B3F8FA00003F0C /* JellyfinService.swift in Sources */,
				04848BDB272650050072A81E /* AlbumBackdropImage.swift in Sources */,
				04DD578F27BE94BF0030D25C /* ArtistsListView.swift in Sources */,
				04E1074B270CD6E6002CACB0 /* AlbumsListView.swift in Sources */,
				0463E08627C65F2400D3957A /* NowPlayingIndicator.swift in Sources */,
				041D3E6D271AC0D7002185CF /* CacheAsyncImage.swift in Sources */,
				04D4B5F32710E9D30089CFC3 /* LoginView.swift in Sources */,
				04848BD02725AF940072A81E /* ArtistThumbnail.swift in Sources */,
				04E2DE1C270E48D9007ABE38 /* TabBarView.swift in Sources */,
				049AE64727B69635006813DE /* AirPlayView.swift in Sources */,
				04DE4C2A27C17B4B00666E9C /* DownloadManager.swift in Sources */,
				04848BCE2725AB970072A81E /* AlbumImage.swift in Sources */,
				04D4B5F92712246D0089CFC3 /* Login.swift in Sources */,
				04CBCDD12715B700003E9BE9 /* Player.swift in Sources */,
				04D4B5FC271232B90089CFC3 /* UserResponse.swift in Sources */,
				04FE474D27BAA05C00BDEDFF /* ScrubberBarView.swift in Sources */,
				0442A25427B3F52900003F0C /* ImageExtensions.swift in Sources */,
				04E2806E27B1B307009082B1 /* ArrayExtensions.swift in Sources */,
				04DE4C3C27C1C96600666E9C /* JellifyPlayer.swift in Sources */,
				04CBCDB927139AA1003E9BE9 /* UserDataResult.swift in Sources */,
				04DD579527BE96B50030D25C /* SyncLibraryButton.swift in Sources */,
				04CBCDE027169CF9003E9BE9 /* PersistenceController.swift in Sources */,
				04CBCDDD27169BBA003E9BE9 /* CoreData.xcdatamodeld in Sources */,
				04848BC82725A9FE0072A81E /* PlaylistItemThumbnail.swift in Sources */,
				04FBD83727A631D400E780F3 /* PlaylistHelper.swift in Sources */,
				0442A26A27B3F95900003F0C /* LibrarySelectionService.swift in Sources */,
				04CBCDC22713C915003E9BE9 /* LibrarySelectionView.swift in Sources */,
				04D4B60927135DEA0089CFC3 /* SessionInfo.swift in Sources */,
				04848BD22725BC410072A81E /* AlbumPlayingImage.swift in Sources */,
				04E10729270CD307002CACB0 /* JellifyApp.swift in Sources */,
				04D4B5EF2710BF0D0089CFC3 /* AlbumDetailView.swift in Sources */,
				047D147F27BD1B5B00EE1878 /* Globals.swift in Sources */,
				04DE4C3F27C1CA7800666E9C /* Builders.swift in Sources */,
				04DD579227BE95E80030D25C /* ArtistsGalleryView.swift in Sources */,
				04D4B60D27135FA50089CFC3 /* ArtistResult.swift in Sources */,
				0442A25127B3115700003F0C /* ToolbarView.swift in Sources */,
				04DCB7EC27B8632C005355C0 /* SongsListView.swift in Sources */,
				04E5333127C515E300D83D66 /* PlaylistArtwork.swift in Sources */,
				04FBD83B27A721A900E780F3 /* PlaylistThumbnail.swift in Sources */,
			);
			runOnlyForDeploymentPostprocessing = 0;
		};
		04E1070A270CD307002CACB0 /* Sources */ = {
			isa = PBXSourcesBuildPhase;
			buildActionMask = 2147483647;
			files = (
				049AE64827B69635006813DE /* AirPlayView.swift in Sources */,
				04CBCDBA27139AA1003E9BE9 /* UserDataResult.swift in Sources */,
				04E10755270CD6FA002CACB0 /* SettingsView.swift in Sources */,
				04E10752270CD6F3002CACB0 /* PlaylistsView.swift in Sources */,
				041D3E76271CAF89002185CF /* BackgroundCleanerView.swift in Sources */,
				04E2DE24270E4A48007ABE38 /* BlurView.swift in Sources */,
				04E1072C270CD307002CACB0 /* ContentView.swift in Sources */,
				04E1074F270CD6ED002CACB0 /* ArtistsView.swift in Sources */,
				04E2DE1A270E264B007ABE38 /* ArtistDetailView.swift in Sources */,
				04EED65527C66DB400BBBEF2 /* Settings.swift in Sources */,
				04848BDC272650050072A81E /* AlbumBackdropImage.swift in Sources */,
				04D4B60A27135DEA0089CFC3 /* SessionInfo.swift in Sources */,
				04848BE827271F760072A81E /* AlbumRow.swift in Sources */,
				04DE4C3427C1A4A100666E9C /* PlayerSongMenu.swift in Sources */,
				0442A26827B3F94000003F0C /* AuthenticationService.swift in Sources */,
				04CBCDC32713C915003E9BE9 /* LibrarySelectionView.swift in Sources */,
				047D148027BD1B5B00EE1878 /* Globals.swift in Sources */,
				0442A25227B3115700003F0C /* ToolbarView.swift in Sources */,
				04E2806F27B1B308009082B1 /* ArrayExtensions.swift in Sources */,
				0442A26227B3F8FA00003F0C /* JellyfinService.swift in Sources */,
				04DE4C2B27C17B4B00666E9C /* DownloadManager.swift in Sources */,
				04E2DE1D270E48D9007ABE38 /* TabBarView.swift in Sources */,
				0442A26B27B3F95900003F0C /* LibrarySelectionService.swift in Sources */,
				04CBCDC92713D1F0003E9BE9 /* LibraryResult.swift in Sources */,
				0462B3BE27BBCFEE009066CD /* ArtistModel.swift in Sources */,
				04D4B60727135DE50089CFC3 /* UserResult.swift in Sources */,
				04CBCDE427196308003E9BE9 /* PlaylistDetailView.swift in Sources */,
				0442A25527B3F52900003F0C /* ImageExtensions.swift in Sources */,
				04848BE527271D810072A81E /* ArtistRow.swift in Sources */,
				04D4B5FD271232B90089CFC3 /* UserResponse.swift in Sources */,
				04DE4C3D27C1C96600666E9C /* JellifyPlayer.swift in Sources */,
				04CBCDD22715B700003E9BE9 /* Player.swift in Sources */,
				04DD579627BE96B50030D25C /* SyncLibraryButton.swift in Sources */,
				04CBCDB7271371C8003E9BE9 /* ResultSet.swift in Sources */,
				04CBCDDE27169BBA003E9BE9 /* CoreData.xcdatamodeld in Sources */,
				04D4B60427135DD50089CFC3 /* LoginResult.swift in Sources */,
				04E2806B27B13D06009082B1 /* NetworkingManager.swift in Sources */,
				0463E08727C65F2400D3957A /* NowPlayingIndicator.swift in Sources */,
				04D4B60E27135FA50089CFC3 /* ArtistResult.swift in Sources */,
				041D3E6E271AC0D7002185CF /* CacheAsyncImage.swift in Sources */,
				04D4B5FA2712246D0089CFC3 /* Login.swift in Sources */,
				04CBCDE127169CF9003E9BE9 /* PersistenceController.swift in Sources */,
				04DD579027BE94BF0030D25C /* ArtistsListView.swift in Sources */,
				041D3E7C2722E940002185CF /* NowPlayingView.swift in Sources */,
				04D4B5F42710E9D30089CFC3 /* LoginView.swift in Sources */,
				04DD579327BE95E80030D25C /* ArtistsGalleryView.swift in Sources */,
				04E1072A270CD307002CACB0 /* JellifyApp.swift in Sources */,
			);
			runOnlyForDeploymentPostprocessing = 0;
		};
		04E10711270CD307002CACB0 /* Sources */ = {
			isa = PBXSourcesBuildPhase;
			buildActionMask = 2147483647;
			files = (
				04E1071C270CD307002CACB0 /* Tests_iOSLaunchTests.swift in Sources */,
				04E1071A270CD307002CACB0 /* Tests_iOS.swift in Sources */,
			);
			runOnlyForDeploymentPostprocessing = 0;
		};
		04E1071D270CD307002CACB0 /* Sources */ = {
			isa = PBXSourcesBuildPhase;
			buildActionMask = 2147483647;
			files = (
				04E10728270CD307002CACB0 /* Tests_macOSLaunchTests.swift in Sources */,
				04E10726270CD307002CACB0 /* Tests_macOS.swift in Sources */,
			);
			runOnlyForDeploymentPostprocessing = 0;
		};
/* End PBXSourcesBuildPhase section */

/* Begin PBXTargetDependency section */
		04E10717270CD307002CACB0 /* PBXTargetDependency */ = {
			isa = PBXTargetDependency;
			target = 04E10707270CD307002CACB0 /* Jellify (iOS) */;
			targetProxy = 04E10716270CD307002CACB0 /* PBXContainerItemProxy */;
		};
		04E10723270CD307002CACB0 /* PBXTargetDependency */ = {
			isa = PBXTargetDependency;
			target = 04E1070D270CD307002CACB0 /* Jellify (macOS) */;
			targetProxy = 04E10722270CD307002CACB0 /* PBXContainerItemProxy */;
		};
/* End PBXTargetDependency section */

/* Begin XCBuildConfiguration section */
		04E1072F270CD307002CACB0 /* Debug */ = {
			isa = XCBuildConfiguration;
			buildSettings = {
				ALWAYS_SEARCH_USER_PATHS = NO;
				CLANG_ANALYZER_NONNULL = YES;
				CLANG_ANALYZER_NUMBER_OBJECT_CONVERSION = YES_AGGRESSIVE;
				CLANG_CXX_LANGUAGE_STANDARD = "gnu++17";
				CLANG_CXX_LIBRARY = "libc++";
				CLANG_ENABLE_MODULES = YES;
				CLANG_ENABLE_OBJC_ARC = YES;
				CLANG_ENABLE_OBJC_WEAK = YES;
				CLANG_WARN_BLOCK_CAPTURE_AUTORELEASING = YES;
				CLANG_WARN_BOOL_CONVERSION = YES;
				CLANG_WARN_COMMA = YES;
				CLANG_WARN_CONSTANT_CONVERSION = YES;
				CLANG_WARN_DEPRECATED_OBJC_IMPLEMENTATIONS = YES;
				CLANG_WARN_DIRECT_OBJC_ISA_USAGE = YES_ERROR;
				CLANG_WARN_DOCUMENTATION_COMMENTS = YES;
				CLANG_WARN_EMPTY_BODY = YES;
				CLANG_WARN_ENUM_CONVERSION = YES;
				CLANG_WARN_INFINITE_RECURSION = YES;
				CLANG_WARN_INT_CONVERSION = YES;
				CLANG_WARN_NON_LITERAL_NULL_CONVERSION = YES;
				CLANG_WARN_OBJC_IMPLICIT_RETAIN_SELF = YES;
				CLANG_WARN_OBJC_LITERAL_CONVERSION = YES;
				CLANG_WARN_OBJC_ROOT_CLASS = YES_ERROR;
				CLANG_WARN_QUOTED_INCLUDE_IN_FRAMEWORK_HEADER = YES;
				CLANG_WARN_RANGE_LOOP_ANALYSIS = YES;
				CLANG_WARN_STRICT_PROTOTYPES = YES;
				CLANG_WARN_SUSPICIOUS_MOVE = YES;
				CLANG_WARN_UNGUARDED_AVAILABILITY = YES_AGGRESSIVE;
				CLANG_WARN_UNREACHABLE_CODE = YES;
				CLANG_WARN__DUPLICATE_METHOD_MATCH = YES;
				COPY_PHASE_STRIP = NO;
				DEBUG_INFORMATION_FORMAT = dwarf;
				ENABLE_STRICT_OBJC_MSGSEND = YES;
				ENABLE_TESTABILITY = YES;
				GCC_C_LANGUAGE_STANDARD = gnu11;
				GCC_DYNAMIC_NO_PIC = NO;
				GCC_NO_COMMON_BLOCKS = YES;
				GCC_OPTIMIZATION_LEVEL = 0;
				GCC_PREPROCESSOR_DEFINITIONS = (
					"DEBUG=1",
					"$(inherited)",
				);
				GCC_WARN_64_TO_32_BIT_CONVERSION = YES;
				GCC_WARN_ABOUT_RETURN_TYPE = YES_ERROR;
				GCC_WARN_UNDECLARED_SELECTOR = YES;
				GCC_WARN_UNINITIALIZED_AUTOS = YES_AGGRESSIVE;
				GCC_WARN_UNUSED_FUNCTION = YES;
				GCC_WARN_UNUSED_VARIABLE = YES;
				IPHONEOS_DEPLOYMENT_TARGET = 15.0;
				MTL_ENABLE_DEBUG_INFO = INCLUDE_SOURCE;
				MTL_FAST_MATH = YES;
				ONLY_ACTIVE_ARCH = YES;
				PRODUCT_NAME = Jellify;
				SWIFT_ACTIVE_COMPILATION_CONDITIONS = DEBUG;
				SWIFT_OPTIMIZATION_LEVEL = "-Onone";
			};
			name = Debug;
		};
		04E10730270CD307002CACB0 /* Release */ = {
			isa = XCBuildConfiguration;
			buildSettings = {
				ALWAYS_SEARCH_USER_PATHS = NO;
				CLANG_ANALYZER_NONNULL = YES;
				CLANG_ANALYZER_NUMBER_OBJECT_CONVERSION = YES_AGGRESSIVE;
				CLANG_CXX_LANGUAGE_STANDARD = "gnu++17";
				CLANG_CXX_LIBRARY = "libc++";
				CLANG_ENABLE_MODULES = YES;
				CLANG_ENABLE_OBJC_ARC = YES;
				CLANG_ENABLE_OBJC_WEAK = YES;
				CLANG_WARN_BLOCK_CAPTURE_AUTORELEASING = YES;
				CLANG_WARN_BOOL_CONVERSION = YES;
				CLANG_WARN_COMMA = YES;
				CLANG_WARN_CONSTANT_CONVERSION = YES;
				CLANG_WARN_DEPRECATED_OBJC_IMPLEMENTATIONS = YES;
				CLANG_WARN_DIRECT_OBJC_ISA_USAGE = YES_ERROR;
				CLANG_WARN_DOCUMENTATION_COMMENTS = YES;
				CLANG_WARN_EMPTY_BODY = YES;
				CLANG_WARN_ENUM_CONVERSION = YES;
				CLANG_WARN_INFINITE_RECURSION = YES;
				CLANG_WARN_INT_CONVERSION = YES;
				CLANG_WARN_NON_LITERAL_NULL_CONVERSION = YES;
				CLANG_WARN_OBJC_IMPLICIT_RETAIN_SELF = YES;
				CLANG_WARN_OBJC_LITERAL_CONVERSION = YES;
				CLANG_WARN_OBJC_ROOT_CLASS = YES_ERROR;
				CLANG_WARN_QUOTED_INCLUDE_IN_FRAMEWORK_HEADER = YES;
				CLANG_WARN_RANGE_LOOP_ANALYSIS = YES;
				CLANG_WARN_STRICT_PROTOTYPES = YES;
				CLANG_WARN_SUSPICIOUS_MOVE = YES;
				CLANG_WARN_UNGUARDED_AVAILABILITY = YES_AGGRESSIVE;
				CLANG_WARN_UNREACHABLE_CODE = YES;
				CLANG_WARN__DUPLICATE_METHOD_MATCH = YES;
				COPY_PHASE_STRIP = NO;
				DEBUG_INFORMATION_FORMAT = "dwarf-with-dsym";
				ENABLE_NS_ASSERTIONS = NO;
				ENABLE_STRICT_OBJC_MSGSEND = YES;
				GCC_C_LANGUAGE_STANDARD = gnu11;
				GCC_NO_COMMON_BLOCKS = YES;
				GCC_WARN_64_TO_32_BIT_CONVERSION = YES;
				GCC_WARN_ABOUT_RETURN_TYPE = YES_ERROR;
				GCC_WARN_UNDECLARED_SELECTOR = YES;
				GCC_WARN_UNINITIALIZED_AUTOS = YES_AGGRESSIVE;
				GCC_WARN_UNUSED_FUNCTION = YES;
				GCC_WARN_UNUSED_VARIABLE = YES;
				IPHONEOS_DEPLOYMENT_TARGET = 15.0;
				MTL_ENABLE_DEBUG_INFO = NO;
				MTL_FAST_MATH = YES;
				PRODUCT_NAME = Jellify;
				SWIFT_COMPILATION_MODE = wholemodule;
				SWIFT_OPTIMIZATION_LEVEL = "-O";
			};
			name = Release;
		};
		04E10732270CD307002CACB0 /* Debug */ = {
			isa = XCBuildConfiguration;
			buildSettings = {
				ASSETCATALOG_COMPILER_APPICON_NAME = AppIcon;
				ASSETCATALOG_COMPILER_GLOBAL_ACCENT_COLOR_NAME = AccentColor;
				CODE_SIGN_ENTITLEMENTS = "Jellify (iOS).entitlements";
				CODE_SIGN_STYLE = Automatic;
				CURRENT_PROJECT_VERSION = 1;
				DEVELOPMENT_TEAM = WAH9CZ8BPG;
				ENABLE_PREVIEWS = YES;
				GENERATE_INFOPLIST_FILE = YES;
				INFOPLIST_FILE = "Jellify--iOS--Info.plist";
				INFOPLIST_KEY_LSApplicationCategoryType = "public.app-category.music";
				INFOPLIST_KEY_UIApplicationSceneManifest_Generation = YES;
				INFOPLIST_KEY_UIApplicationSupportsIndirectInputEvents = YES;
				INFOPLIST_KEY_UILaunchScreen_Generation = YES;
				INFOPLIST_KEY_UISupportedInterfaceOrientations = UIInterfaceOrientationPortrait;
				INFOPLIST_KEY_UISupportedInterfaceOrientations_iPad = "UIInterfaceOrientationPortrait UIInterfaceOrientationPortraitUpsideDown UIInterfaceOrientationLandscapeLeft UIInterfaceOrientationLandscapeRight";
				INFOPLIST_KEY_UISupportedInterfaceOrientations_iPhone = UIInterfaceOrientationPortrait;
				IPHONEOS_DEPLOYMENT_TARGET = 15.0;
				LD_RUNPATH_SEARCH_PATHS = (
					"$(inherited)",
					"@executable_path/Frameworks",
				);
				MARKETING_VERSION = 0.7;
				PRODUCT_BUNDLE_IDENTIFIER = com.jackcaulifield.Jellify;
				PRODUCT_NAME = Jellify;
				SDKROOT = iphoneos;
				SUPPORTS_MACCATALYST = YES;
				SWIFT_EMIT_LOC_STRINGS = YES;
				SWIFT_VERSION = 5.0;
				TARGETED_DEVICE_FAMILY = "1,2";
			};
			name = Debug;
		};
		04E10733270CD307002CACB0 /* Release */ = {
			isa = XCBuildConfiguration;
			buildSettings = {
				ASSETCATALOG_COMPILER_APPICON_NAME = AppIcon;
				ASSETCATALOG_COMPILER_GLOBAL_ACCENT_COLOR_NAME = AccentColor;
				CODE_SIGN_ENTITLEMENTS = "Jellify (iOS).entitlements";
				CODE_SIGN_STYLE = Automatic;
				CURRENT_PROJECT_VERSION = 1;
				DEVELOPMENT_TEAM = WAH9CZ8BPG;
				ENABLE_PREVIEWS = YES;
				GENERATE_INFOPLIST_FILE = YES;
				INFOPLIST_FILE = "Jellify--iOS--Info.plist";
				INFOPLIST_KEY_LSApplicationCategoryType = "public.app-category.music";
				INFOPLIST_KEY_UIApplicationSceneManifest_Generation = YES;
				INFOPLIST_KEY_UIApplicationSupportsIndirectInputEvents = YES;
				INFOPLIST_KEY_UILaunchScreen_Generation = YES;
				INFOPLIST_KEY_UISupportedInterfaceOrientations = UIInterfaceOrientationPortrait;
				INFOPLIST_KEY_UISupportedInterfaceOrientations_iPad = "UIInterfaceOrientationPortrait UIInterfaceOrientationPortraitUpsideDown UIInterfaceOrientationLandscapeLeft UIInterfaceOrientationLandscapeRight";
				INFOPLIST_KEY_UISupportedInterfaceOrientations_iPhone = UIInterfaceOrientationPortrait;
				IPHONEOS_DEPLOYMENT_TARGET = 15.0;
				LD_RUNPATH_SEARCH_PATHS = (
					"$(inherited)",
					"@executable_path/Frameworks",
				);
				MARKETING_VERSION = 0.7;
				PRODUCT_BUNDLE_IDENTIFIER = com.jackcaulifield.Jellify;
				PRODUCT_NAME = Jellify;
				SDKROOT = iphoneos;
				SUPPORTS_MACCATALYST = YES;
				SWIFT_EMIT_LOC_STRINGS = YES;
				SWIFT_VERSION = 5.0;
				TARGETED_DEVICE_FAMILY = "1,2";
				VALIDATE_PRODUCT = YES;
			};
			name = Release;
		};
		04E10735270CD307002CACB0 /* Debug */ = {
			isa = XCBuildConfiguration;
			buildSettings = {
				ASSETCATALOG_COMPILER_APPICON_NAME = AppIcon;
				ASSETCATALOG_COMPILER_GLOBAL_ACCENT_COLOR_NAME = AccentColor;
				CODE_SIGN_ENTITLEMENTS = macOS/macOS.entitlements;
				CODE_SIGN_IDENTITY = "-";
				CODE_SIGN_STYLE = Automatic;
				COMBINE_HIDPI_IMAGES = YES;
				CURRENT_PROJECT_VERSION = 1;
				ENABLE_PREVIEWS = YES;
				GENERATE_INFOPLIST_FILE = YES;
				INFOPLIST_KEY_LSApplicationCategoryType = "public.app-category.music";
				INFOPLIST_KEY_NSHumanReadableCopyright = "";
				LD_RUNPATH_SEARCH_PATHS = (
					"$(inherited)",
					"@executable_path/../Frameworks",
				);
				MACOSX_DEPLOYMENT_TARGET = 11.0;
				MARKETING_VERSION = 1.0;
				PRODUCT_BUNDLE_IDENTIFIER = com.jackcaulifield.Jellify;
				PRODUCT_NAME = Jellify;
				SDKROOT = macosx;
				SWIFT_EMIT_LOC_STRINGS = YES;
				SWIFT_VERSION = 5.0;
			};
			name = Debug;
		};
		04E10736270CD307002CACB0 /* Release */ = {
			isa = XCBuildConfiguration;
			buildSettings = {
				ASSETCATALOG_COMPILER_APPICON_NAME = AppIcon;
				ASSETCATALOG_COMPILER_GLOBAL_ACCENT_COLOR_NAME = AccentColor;
				CODE_SIGN_ENTITLEMENTS = macOS/macOS.entitlements;
				CODE_SIGN_IDENTITY = "-";
				CODE_SIGN_STYLE = Automatic;
				COMBINE_HIDPI_IMAGES = YES;
				CURRENT_PROJECT_VERSION = 1;
				ENABLE_PREVIEWS = YES;
				GENERATE_INFOPLIST_FILE = YES;
				INFOPLIST_KEY_LSApplicationCategoryType = "public.app-category.music";
				INFOPLIST_KEY_NSHumanReadableCopyright = "";
				LD_RUNPATH_SEARCH_PATHS = (
					"$(inherited)",
					"@executable_path/../Frameworks",
				);
				MACOSX_DEPLOYMENT_TARGET = 11.0;
				MARKETING_VERSION = 1.0;
				PRODUCT_BUNDLE_IDENTIFIER = com.jackcaulifield.Jellify;
				PRODUCT_NAME = Jellify;
				SDKROOT = macosx;
				SWIFT_EMIT_LOC_STRINGS = YES;
				SWIFT_VERSION = 5.0;
			};
			name = Release;
		};
		04E10738270CD307002CACB0 /* Debug */ = {
			isa = XCBuildConfiguration;
			buildSettings = {
				ALWAYS_EMBED_SWIFT_STANDARD_LIBRARIES = YES;
				CODE_SIGN_STYLE = Automatic;
				CURRENT_PROJECT_VERSION = 1;
				GENERATE_INFOPLIST_FILE = YES;
				IPHONEOS_DEPLOYMENT_TARGET = 15.0;
				LD_RUNPATH_SEARCH_PATHS = (
					"$(inherited)",
					"@executable_path/Frameworks",
					"@loader_path/Frameworks",
				);
				MARKETING_VERSION = 1.0;
				PRODUCT_BUNDLE_IDENTIFIER = "Jellyfin.Tests-iOS";
				PRODUCT_NAME = "$(TARGET_NAME)";
				SDKROOT = iphoneos;
				SWIFT_EMIT_LOC_STRINGS = NO;
				SWIFT_VERSION = 5.0;
				TARGETED_DEVICE_FAMILY = "1,2";
				TEST_TARGET_NAME = "FinTune (iOS)";
			};
			name = Debug;
		};
		04E10739270CD307002CACB0 /* Release */ = {
			isa = XCBuildConfiguration;
			buildSettings = {
				ALWAYS_EMBED_SWIFT_STANDARD_LIBRARIES = YES;
				CODE_SIGN_STYLE = Automatic;
				CURRENT_PROJECT_VERSION = 1;
				GENERATE_INFOPLIST_FILE = YES;
				IPHONEOS_DEPLOYMENT_TARGET = 15.0;
				LD_RUNPATH_SEARCH_PATHS = (
					"$(inherited)",
					"@executable_path/Frameworks",
					"@loader_path/Frameworks",
				);
				MARKETING_VERSION = 1.0;
				PRODUCT_BUNDLE_IDENTIFIER = "Jellyfin.Tests-iOS";
				PRODUCT_NAME = "$(TARGET_NAME)";
				SDKROOT = iphoneos;
				SWIFT_EMIT_LOC_STRINGS = NO;
				SWIFT_VERSION = 5.0;
				TARGETED_DEVICE_FAMILY = "1,2";
				TEST_TARGET_NAME = "FinTune (iOS)";
				VALIDATE_PRODUCT = YES;
			};
			name = Release;
		};
		04E1073B270CD307002CACB0 /* Debug */ = {
			isa = XCBuildConfiguration;
			buildSettings = {
				ALWAYS_EMBED_SWIFT_STANDARD_LIBRARIES = YES;
				CODE_SIGN_STYLE = Automatic;
				COMBINE_HIDPI_IMAGES = YES;
				CURRENT_PROJECT_VERSION = 1;
				GENERATE_INFOPLIST_FILE = YES;
				LD_RUNPATH_SEARCH_PATHS = (
					"$(inherited)",
					"@executable_path/../Frameworks",
					"@loader_path/../Frameworks",
				);
				MACOSX_DEPLOYMENT_TARGET = 11.3;
				MARKETING_VERSION = 1.0;
				PRODUCT_BUNDLE_IDENTIFIER = "Jellyfin.Tests-macOS";
				PRODUCT_NAME = "$(TARGET_NAME)";
				SDKROOT = macosx;
				SWIFT_EMIT_LOC_STRINGS = NO;
				SWIFT_VERSION = 5.0;
				TEST_TARGET_NAME = "FinTune (macOS)";
			};
			name = Debug;
		};
		04E1073C270CD307002CACB0 /* Release */ = {
			isa = XCBuildConfiguration;
			buildSettings = {
				ALWAYS_EMBED_SWIFT_STANDARD_LIBRARIES = YES;
				CODE_SIGN_STYLE = Automatic;
				COMBINE_HIDPI_IMAGES = YES;
				CURRENT_PROJECT_VERSION = 1;
				GENERATE_INFOPLIST_FILE = YES;
				LD_RUNPATH_SEARCH_PATHS = (
					"$(inherited)",
					"@executable_path/../Frameworks",
					"@loader_path/../Frameworks",
				);
				MACOSX_DEPLOYMENT_TARGET = 11.3;
				MARKETING_VERSION = 1.0;
				PRODUCT_BUNDLE_IDENTIFIER = "Jellyfin.Tests-macOS";
				PRODUCT_NAME = "$(TARGET_NAME)";
				SDKROOT = macosx;
				SWIFT_EMIT_LOC_STRINGS = NO;
				SWIFT_VERSION = 5.0;
				TEST_TARGET_NAME = "FinTune (macOS)";
			};
			name = Release;
		};
/* End XCBuildConfiguration section */

/* Begin XCConfigurationList section */
		04E106FF270CD304002CACB0 /* Build configuration list for PBXProject "Jellify" */ = {
			isa = XCConfigurationList;
			buildConfigurations = (
				04E1072F270CD307002CACB0 /* Debug */,
				04E10730270CD307002CACB0 /* Release */,
			);
			defaultConfigurationIsVisible = 0;
			defaultConfigurationName = Release;
		};
		04E10731270CD307002CACB0 /* Build configuration list for PBXNativeTarget "Jellify (iOS)" */ = {
			isa = XCConfigurationList;
			buildConfigurations = (
				04E10732270CD307002CACB0 /* Debug */,
				04E10733270CD307002CACB0 /* Release */,
			);
			defaultConfigurationIsVisible = 0;
			defaultConfigurationName = Release;
		};
		04E10734270CD307002CACB0 /* Build configuration list for PBXNativeTarget "Jellify (macOS)" */ = {
			isa = XCConfigurationList;
			buildConfigurations = (
				04E10735270CD307002CACB0 /* Debug */,
				04E10736270CD307002CACB0 /* Release */,
			);
			defaultConfigurationIsVisible = 0;
			defaultConfigurationName = Release;
		};
		04E10737270CD307002CACB0 /* Build configuration list for PBXNativeTarget "Tests iOS" */ = {
			isa = XCConfigurationList;
			buildConfigurations = (
				04E10738270CD307002CACB0 /* Debug */,
				04E10739270CD307002CACB0 /* Release */,
			);
			defaultConfigurationIsVisible = 0;
			defaultConfigurationName = Release;
		};
		04E1073A270CD307002CACB0 /* Build configuration list for PBXNativeTarget "Tests macOS" */ = {
			isa = XCConfigurationList;
			buildConfigurations = (
				04E1073B270CD307002CACB0 /* Debug */,
				04E1073C270CD307002CACB0 /* Release */,
			);
			defaultConfigurationIsVisible = 0;
			defaultConfigurationName = Release;
		};
/* End XCConfigurationList section */

/* Begin XCRemoteSwiftPackageReference section */
		040EFDD127C3BEE800D67B79 /* XCRemoteSwiftPackageReference "SwiftUIX" */ = {
			isa = XCRemoteSwiftPackageReference;
			repositoryURL = "https://github.com/SwiftUIX/SwiftUIX";
			requirement = {
				branch = master;
				kind = branch;
			};
		};
		041D3E77271DABF1002185CF /* XCRemoteSwiftPackageReference "jellyfin-sdk-swift" */ = {
			isa = XCRemoteSwiftPackageReference;
			repositoryURL = "https://github.com/jellyfin/jellyfin-sdk-swift";
			requirement = {
				branch = main;
				kind = branch;
			};
		};
		047F492E27BBF4920076B45E /* XCRemoteSwiftPackageReference "SwiftAudioPlayer" */ = {
			isa = XCRemoteSwiftPackageReference;
			repositoryURL = "https://github.com/tanhakabir/SwiftAudioPlayer";
			requirement = {
				kind = upToNextMajorVersion;
				minimumVersion = 7.0.0;
			};
		};
		04E5332D27C5124900D83D66 /* XCRemoteSwiftPackageReference "SwimplyPlayIndicator" */ = {
			isa = XCRemoteSwiftPackageReference;
			repositoryURL = "https://github.com/obrhoff/SwimplyPlayIndicator";
			requirement = {
				kind = upToNextMajorVersion;
				minimumVersion = 1.0.0;
			};
		};
		04EED65627C7185800BBBEF2 /* XCRemoteSwiftPackageReference "HLSion" */ = {
			isa = XCRemoteSwiftPackageReference;
			repositoryURL = "https://github.com/r-plus/HLSion";
			requirement = {
				branch = master;
				kind = branch;
			};
		};
		04FE474727BA815E00BDEDFF /* XCRemoteSwiftPackageReference "LNPopupUI" */ = {
			isa = XCRemoteSwiftPackageReference;
			repositoryURL = "https://github.com/LeoNatan/LNPopupUI";
			requirement = {
				branch = master;
				kind = branch;
			};
		};
/* End XCRemoteSwiftPackageReference section */

/* Begin XCSwiftPackageProductDependency section */
		040EFDD227C3BEE800D67B79 /* SwiftUIX */ = {
			isa = XCSwiftPackageProductDependency;
			package = 040EFDD127C3BEE800D67B79 /* XCRemoteSwiftPackageReference "SwiftUIX" */;
			productName = SwiftUIX;
		};
		041D3E78271DABF1002185CF /* JellyfinAPI */ = {
			isa = XCSwiftPackageProductDependency;
			package = 041D3E77271DABF1002185CF /* XCRemoteSwiftPackageReference "jellyfin-sdk-swift" */;
			productName = JellyfinAPI;
		};
		047F492F27BBF4920076B45E /* SwiftAudioPlayer */ = {
			isa = XCSwiftPackageProductDependency;
			package = 047F492E27BBF4920076B45E /* XCRemoteSwiftPackageReference "SwiftAudioPlayer" */;
			productName = SwiftAudioPlayer;
		};
		04E5332E27C5124900D83D66 /* SwimplyPlayIndicator */ = {
			isa = XCSwiftPackageProductDependency;
			package = 04E5332D27C5124900D83D66 /* XCRemoteSwiftPackageReference "SwimplyPlayIndicator" */;
			productName = SwimplyPlayIndicator;
		};
		04EED65727C7185800BBBEF2 /* HLSion */ = {
			isa = XCSwiftPackageProductDependency;
			package = 04EED65627C7185800BBBEF2 /* XCRemoteSwiftPackageReference "HLSion" */;
			productName = HLSion;
		};
		04FE474827BA815E00BDEDFF /* LNPopupUI-Static */ = {
			isa = XCSwiftPackageProductDependency;
			package = 04FE474727BA815E00BDEDFF /* XCRemoteSwiftPackageReference "LNPopupUI" */;
			productName = "LNPopupUI-Static";
		};
/* End XCSwiftPackageProductDependency section */

/* Begin XCVersionGroup section */
		04CBCDDB27169BBA003E9BE9 /* CoreData.xcdatamodeld */ = {
			isa = XCVersionGroup;
			children = (
				04CBCDDC27169BBA003E9BE9 /* CoreData.xcdatamodel */,
			);
			currentVersion = 04CBCDDC27169BBA003E9BE9 /* CoreData.xcdatamodel */;
			path = CoreData.xcdatamodeld;
			sourceTree = "<group>";
			versionGroupType = wrapper.xcdatamodel;
		};
/* End XCVersionGroup section */
	};
	rootObject = 04E106FC270CD304002CACB0 /* Project object */;
}
