// !$*UTF8*$!
{
	archiveVersion = 1;
	classes = {
	};
	objectVersion = 55;
	objects = {

/* Begin PBXBuildFile section */
		0480A22F270DE3B10066578E /* Artist.swift in Sources */ = {isa = PBXBuildFile; fileRef = 0480A22E270DE3B10066578E /* Artist.swift */; };
		0480A230270DE3B20066578E /* Artist.swift in Sources */ = {isa = PBXBuildFile; fileRef = 0480A22E270DE3B10066578E /* Artist.swift */; };
		0480A232270DE67D0066578E /* Album.swift in Sources */ = {isa = PBXBuildFile; fileRef = 0480A231270DE67D0066578E /* Album.swift */; };
		0480A233270DE67D0066578E /* Album.swift in Sources */ = {isa = PBXBuildFile; fileRef = 0480A231270DE67D0066578E /* Album.swift */; };
		04CBCDB6271371C8003E9BE9 /* ResultSet.swift in Sources */ = {isa = PBXBuildFile; fileRef = 04CBCDB5271371C8003E9BE9 /* ResultSet.swift */; };
		04CBCDB7271371C8003E9BE9 /* ResultSet.swift in Sources */ = {isa = PBXBuildFile; fileRef = 04CBCDB5271371C8003E9BE9 /* ResultSet.swift */; };
		04CBCDB927139AA1003E9BE9 /* UserData.swift in Sources */ = {isa = PBXBuildFile; fileRef = 04CBCDB827139AA1003E9BE9 /* UserData.swift */; };
		04CBCDBA27139AA1003E9BE9 /* UserData.swift in Sources */ = {isa = PBXBuildFile; fileRef = 04CBCDB827139AA1003E9BE9 /* UserData.swift */; };
		04CBCDBC27139DE1003E9BE9 /* AlbumService.swift in Sources */ = {isa = PBXBuildFile; fileRef = 04CBCDBB27139DE1003E9BE9 /* AlbumService.swift */; };
		04CBCDBD27139DE1003E9BE9 /* AlbumService.swift in Sources */ = {isa = PBXBuildFile; fileRef = 04CBCDBB27139DE1003E9BE9 /* AlbumService.swift */; };
		04CBCDC22713C915003E9BE9 /* LibrarySelectionView.swift in Sources */ = {isa = PBXBuildFile; fileRef = 04CBCDC12713C915003E9BE9 /* LibrarySelectionView.swift */; };
		04CBCDC32713C915003E9BE9 /* LibrarySelectionView.swift in Sources */ = {isa = PBXBuildFile; fileRef = 04CBCDC12713C915003E9BE9 /* LibrarySelectionView.swift */; };
		04CBCDC52713C945003E9BE9 /* LibrarySelectionService.swift in Sources */ = {isa = PBXBuildFile; fileRef = 04CBCDC42713C945003E9BE9 /* LibrarySelectionService.swift */; };
		04CBCDC62713C945003E9BE9 /* LibrarySelectionService.swift in Sources */ = {isa = PBXBuildFile; fileRef = 04CBCDC42713C945003E9BE9 /* LibrarySelectionService.swift */; };
		04CBCDC82713D1F0003E9BE9 /* LibraryResult.swift in Sources */ = {isa = PBXBuildFile; fileRef = 04CBCDC72713D1F0003E9BE9 /* LibraryResult.swift */; };
		04CBCDC92713D1F0003E9BE9 /* LibraryResult.swift in Sources */ = {isa = PBXBuildFile; fileRef = 04CBCDC72713D1F0003E9BE9 /* LibraryResult.swift */; };
		04CBCDCB2714BEBA003E9BE9 /* SongService.swift in Sources */ = {isa = PBXBuildFile; fileRef = 04CBCDCA2714BEBA003E9BE9 /* SongService.swift */; };
		04CBCDCC2714BEBA003E9BE9 /* SongService.swift in Sources */ = {isa = PBXBuildFile; fileRef = 04CBCDCA2714BEBA003E9BE9 /* SongService.swift */; };
		04D4B5EF2710BF0D0089CFC3 /* AlbumDetailView.swift in Sources */ = {isa = PBXBuildFile; fileRef = 04D4B5EE2710BF0D0089CFC3 /* AlbumDetailView.swift */; };
		04D4B5F32710E9D30089CFC3 /* LoginView.swift in Sources */ = {isa = PBXBuildFile; fileRef = 04D4B5F22710E9D30089CFC3 /* LoginView.swift */; };
		04D4B5F42710E9D30089CFC3 /* LoginView.swift in Sources */ = {isa = PBXBuildFile; fileRef = 04D4B5F22710E9D30089CFC3 /* LoginView.swift */; };
		04D4B5F62711E34F0089CFC3 /* AuthenticationService.swift in Sources */ = {isa = PBXBuildFile; fileRef = 04D4B5F52711E34F0089CFC3 /* AuthenticationService.swift */; };
		04D4B5F72711E34F0089CFC3 /* AuthenticationService.swift in Sources */ = {isa = PBXBuildFile; fileRef = 04D4B5F52711E34F0089CFC3 /* AuthenticationService.swift */; };
		04D4B5F92712246D0089CFC3 /* Login.swift in Sources */ = {isa = PBXBuildFile; fileRef = 04D4B5F82712246D0089CFC3 /* Login.swift */; };
		04D4B5FA2712246D0089CFC3 /* Login.swift in Sources */ = {isa = PBXBuildFile; fileRef = 04D4B5F82712246D0089CFC3 /* Login.swift */; };
		04D4B5FC271232B90089CFC3 /* UserResponse.swift in Sources */ = {isa = PBXBuildFile; fileRef = 04D4B5FB271232B90089CFC3 /* UserResponse.swift */; };
		04D4B5FD271232B90089CFC3 /* UserResponse.swift in Sources */ = {isa = PBXBuildFile; fileRef = 04D4B5FB271232B90089CFC3 /* UserResponse.swift */; };
		04D4B5FF2713472E0089CFC3 /* ArtistService.swift in Sources */ = {isa = PBXBuildFile; fileRef = 04D4B5FE2713472E0089CFC3 /* ArtistService.swift */; };
		04D4B6002713472E0089CFC3 /* ArtistService.swift in Sources */ = {isa = PBXBuildFile; fileRef = 04D4B5FE2713472E0089CFC3 /* ArtistService.swift */; };
		04D4B60327135DD50089CFC3 /* LoginResult.swift in Sources */ = {isa = PBXBuildFile; fileRef = 04D4B60227135DD50089CFC3 /* LoginResult.swift */; };
		04D4B60427135DD50089CFC3 /* LoginResult.swift in Sources */ = {isa = PBXBuildFile; fileRef = 04D4B60227135DD50089CFC3 /* LoginResult.swift */; };
		04D4B60627135DE50089CFC3 /* UserResult.swift in Sources */ = {isa = PBXBuildFile; fileRef = 04D4B60527135DE50089CFC3 /* UserResult.swift */; };
		04D4B60727135DE50089CFC3 /* UserResult.swift in Sources */ = {isa = PBXBuildFile; fileRef = 04D4B60527135DE50089CFC3 /* UserResult.swift */; };
		04D4B60927135DEA0089CFC3 /* SessionInfo.swift in Sources */ = {isa = PBXBuildFile; fileRef = 04D4B60827135DEA0089CFC3 /* SessionInfo.swift */; };
		04D4B60A27135DEA0089CFC3 /* SessionInfo.swift in Sources */ = {isa = PBXBuildFile; fileRef = 04D4B60827135DEA0089CFC3 /* SessionInfo.swift */; };
		04D4B60D27135FA50089CFC3 /* ArtistResult.swift in Sources */ = {isa = PBXBuildFile; fileRef = 04D4B60C27135FA50089CFC3 /* ArtistResult.swift */; };
		04D4B60E27135FA50089CFC3 /* ArtistResult.swift in Sources */ = {isa = PBXBuildFile; fileRef = 04D4B60C27135FA50089CFC3 /* ArtistResult.swift */; };
		04E1071A270CD307002CACB0 /* Tests_iOS.swift in Sources */ = {isa = PBXBuildFile; fileRef = 04E10719270CD307002CACB0 /* Tests_iOS.swift */; };
		04E1071C270CD307002CACB0 /* Tests_iOSLaunchTests.swift in Sources */ = {isa = PBXBuildFile; fileRef = 04E1071B270CD307002CACB0 /* Tests_iOSLaunchTests.swift */; };
		04E10726270CD307002CACB0 /* Tests_macOS.swift in Sources */ = {isa = PBXBuildFile; fileRef = 04E10725270CD307002CACB0 /* Tests_macOS.swift */; };
		04E10728270CD307002CACB0 /* Tests_macOSLaunchTests.swift in Sources */ = {isa = PBXBuildFile; fileRef = 04E10727270CD307002CACB0 /* Tests_macOSLaunchTests.swift */; };
		04E10729270CD307002CACB0 /* FinTuneApp.swift in Sources */ = {isa = PBXBuildFile; fileRef = 04E10701270CD304002CACB0 /* FinTuneApp.swift */; };
		04E1072A270CD307002CACB0 /* FinTuneApp.swift in Sources */ = {isa = PBXBuildFile; fileRef = 04E10701270CD304002CACB0 /* FinTuneApp.swift */; };
		04E1072B270CD307002CACB0 /* ContentView.swift in Sources */ = {isa = PBXBuildFile; fileRef = 04E10702270CD304002CACB0 /* ContentView.swift */; };
		04E1072C270CD307002CACB0 /* ContentView.swift in Sources */ = {isa = PBXBuildFile; fileRef = 04E10702270CD304002CACB0 /* ContentView.swift */; };
		04E1072D270CD307002CACB0 /* Assets.xcassets in Resources */ = {isa = PBXBuildFile; fileRef = 04E10703270CD307002CACB0 /* Assets.xcassets */; };
		04E1072E270CD307002CACB0 /* Assets.xcassets in Resources */ = {isa = PBXBuildFile; fileRef = 04E10703270CD307002CACB0 /* Assets.xcassets */; };
		04E10748270CD6B8002CACB0 /* SongsView.swift in Sources */ = {isa = PBXBuildFile; fileRef = 04E10747270CD6B8002CACB0 /* SongsView.swift */; };
		04E10749270CD6B8002CACB0 /* SongsView.swift in Sources */ = {isa = PBXBuildFile; fileRef = 04E10747270CD6B8002CACB0 /* SongsView.swift */; };
		04E1074B270CD6E6002CACB0 /* AlbumsView.swift in Sources */ = {isa = PBXBuildFile; fileRef = 04E1074A270CD6E6002CACB0 /* AlbumsView.swift */; };
		04E1074C270CD6E6002CACB0 /* AlbumsView.swift in Sources */ = {isa = PBXBuildFile; fileRef = 04E1074A270CD6E6002CACB0 /* AlbumsView.swift */; };
		04E1074E270CD6ED002CACB0 /* ArtistsView.swift in Sources */ = {isa = PBXBuildFile; fileRef = 04E1074D270CD6ED002CACB0 /* ArtistsView.swift */; };
		04E1074F270CD6ED002CACB0 /* ArtistsView.swift in Sources */ = {isa = PBXBuildFile; fileRef = 04E1074D270CD6ED002CACB0 /* ArtistsView.swift */; };
		04E10751270CD6F3002CACB0 /* PlaylistsView.swift in Sources */ = {isa = PBXBuildFile; fileRef = 04E10750270CD6F3002CACB0 /* PlaylistsView.swift */; };
		04E10752270CD6F3002CACB0 /* PlaylistsView.swift in Sources */ = {isa = PBXBuildFile; fileRef = 04E10750270CD6F3002CACB0 /* PlaylistsView.swift */; };
		04E10754270CD6FA002CACB0 /* SettingsView.swift in Sources */ = {isa = PBXBuildFile; fileRef = 04E10753270CD6FA002CACB0 /* SettingsView.swift */; };
		04E10755270CD6FA002CACB0 /* SettingsView.swift in Sources */ = {isa = PBXBuildFile; fileRef = 04E10753270CD6FA002CACB0 /* SettingsView.swift */; };
		04E10758270CD81B002CACB0 /* JellyfinService.swift in Sources */ = {isa = PBXBuildFile; fileRef = 04E10757270CD81B002CACB0 /* JellyfinService.swift */; };
		04E10759270CD81B002CACB0 /* JellyfinService.swift in Sources */ = {isa = PBXBuildFile; fileRef = 04E10757270CD81B002CACB0 /* JellyfinService.swift */; };
		04E10763270CE487002CACB0 /* Song.swift in Sources */ = {isa = PBXBuildFile; fileRef = 04E10762270CE487002CACB0 /* Song.swift */; };
		04E10764270CE487002CACB0 /* Song.swift in Sources */ = {isa = PBXBuildFile; fileRef = 04E10762270CE487002CACB0 /* Song.swift */; };
		04E10766270CFB82002CACB0 /* Colors.xcassets in Resources */ = {isa = PBXBuildFile; fileRef = 04E10765270CFB82002CACB0 /* Colors.xcassets */; };
		04E10767270CFB83002CACB0 /* Colors.xcassets in Resources */ = {isa = PBXBuildFile; fileRef = 04E10765270CFB82002CACB0 /* Colors.xcassets */; };
		04E2DE19270E264B007ABE38 /* ArtistDetailView.swift in Sources */ = {isa = PBXBuildFile; fileRef = 04E2DE18270E264B007ABE38 /* ArtistDetailView.swift */; };
		04E2DE1A270E264B007ABE38 /* ArtistDetailView.swift in Sources */ = {isa = PBXBuildFile; fileRef = 04E2DE18270E264B007ABE38 /* ArtistDetailView.swift */; };
		04E2DE1C270E48D9007ABE38 /* TabBarView.swift in Sources */ = {isa = PBXBuildFile; fileRef = 04E2DE1B270E48D9007ABE38 /* TabBarView.swift */; };
		04E2DE1D270E48D9007ABE38 /* TabBarView.swift in Sources */ = {isa = PBXBuildFile; fileRef = 04E2DE1B270E48D9007ABE38 /* TabBarView.swift */; };
		04E2DE23270E4A48007ABE38 /* BlurView.swift in Sources */ = {isa = PBXBuildFile; fileRef = 04E2DE22270E4A48007ABE38 /* BlurView.swift */; };
		04E2DE24270E4A48007ABE38 /* BlurView.swift in Sources */ = {isa = PBXBuildFile; fileRef = 04E2DE22270E4A48007ABE38 /* BlurView.swift */; };
		04E2DE2B270FE282007ABE38 /* NowPlayingBar.swift in Sources */ = {isa = PBXBuildFile; fileRef = 04E2DE2A270FE282007ABE38 /* NowPlayingBar.swift */; };
		04E2DE2C270FE282007ABE38 /* NowPlayingBar.swift in Sources */ = {isa = PBXBuildFile; fileRef = 04E2DE2A270FE282007ABE38 /* NowPlayingBar.swift */; };
/* End PBXBuildFile section */

/* Begin PBXContainerItemProxy section */
		04E10716270CD307002CACB0 /* PBXContainerItemProxy */ = {
			isa = PBXContainerItemProxy;
			containerPortal = 04E106FC270CD304002CACB0 /* Project object */;
			proxyType = 1;
			remoteGlobalIDString = 04E10707270CD307002CACB0;
			remoteInfo = "FinTune (iOS)";
		};
		04E10722270CD307002CACB0 /* PBXContainerItemProxy */ = {
			isa = PBXContainerItemProxy;
			containerPortal = 04E106FC270CD304002CACB0 /* Project object */;
			proxyType = 1;
			remoteGlobalIDString = 04E1070D270CD307002CACB0;
			remoteInfo = "FinTune (macOS)";
		};
/* End PBXContainerItemProxy section */

/* Begin PBXFileReference section */
		0480A22E270DE3B10066578E /* Artist.swift */ = {isa = PBXFileReference; lastKnownFileType = sourcecode.swift; path = Artist.swift; sourceTree = "<group>"; };
		0480A231270DE67D0066578E /* Album.swift */ = {isa = PBXFileReference; lastKnownFileType = sourcecode.swift; path = Album.swift; sourceTree = "<group>"; };
		04CBCDB5271371C8003E9BE9 /* ResultSet.swift */ = {isa = PBXFileReference; lastKnownFileType = sourcecode.swift; path = ResultSet.swift; sourceTree = "<group>"; };
		04CBCDB827139AA1003E9BE9 /* UserData.swift */ = {isa = PBXFileReference; lastKnownFileType = sourcecode.swift; path = UserData.swift; sourceTree = "<group>"; };
		04CBCDBB27139DE1003E9BE9 /* AlbumService.swift */ = {isa = PBXFileReference; lastKnownFileType = sourcecode.swift; path = AlbumService.swift; sourceTree = "<group>"; };
		04CBCDC12713C915003E9BE9 /* LibrarySelectionView.swift */ = {isa = PBXFileReference; lastKnownFileType = sourcecode.swift; path = LibrarySelectionView.swift; sourceTree = "<group>"; };
		04CBCDC42713C945003E9BE9 /* LibrarySelectionService.swift */ = {isa = PBXFileReference; lastKnownFileType = sourcecode.swift; path = LibrarySelectionService.swift; sourceTree = "<group>"; };
		04CBCDC72713D1F0003E9BE9 /* LibraryResult.swift */ = {isa = PBXFileReference; lastKnownFileType = sourcecode.swift; path = LibraryResult.swift; sourceTree = "<group>"; };
		04CBCDCA2714BEBA003E9BE9 /* SongService.swift */ = {isa = PBXFileReference; lastKnownFileType = sourcecode.swift; path = SongService.swift; sourceTree = "<group>"; };
		04D4B5EE2710BF0D0089CFC3 /* AlbumDetailView.swift */ = {isa = PBXFileReference; lastKnownFileType = sourcecode.swift; path = AlbumDetailView.swift; sourceTree = "<group>"; };
		04D4B5F22710E9D30089CFC3 /* LoginView.swift */ = {isa = PBXFileReference; lastKnownFileType = sourcecode.swift; path = LoginView.swift; sourceTree = "<group>"; };
		04D4B5F52711E34F0089CFC3 /* AuthenticationService.swift */ = {isa = PBXFileReference; lastKnownFileType = sourcecode.swift; path = AuthenticationService.swift; sourceTree = "<group>"; };
		04D4B5F82712246D0089CFC3 /* Login.swift */ = {isa = PBXFileReference; lastKnownFileType = sourcecode.swift; path = Login.swift; sourceTree = "<group>"; };
		04D4B5FB271232B90089CFC3 /* UserResponse.swift */ = {isa = PBXFileReference; lastKnownFileType = sourcecode.swift; path = UserResponse.swift; sourceTree = "<group>"; };
		04D4B5FE2713472E0089CFC3 /* ArtistService.swift */ = {isa = PBXFileReference; lastKnownFileType = sourcecode.swift; path = ArtistService.swift; sourceTree = "<group>"; };
		04D4B60227135DD50089CFC3 /* LoginResult.swift */ = {isa = PBXFileReference; lastKnownFileType = sourcecode.swift; path = LoginResult.swift; sourceTree = "<group>"; };
		04D4B60527135DE50089CFC3 /* UserResult.swift */ = {isa = PBXFileReference; lastKnownFileType = sourcecode.swift; path = UserResult.swift; sourceTree = "<group>"; };
		04D4B60827135DEA0089CFC3 /* SessionInfo.swift */ = {isa = PBXFileReference; lastKnownFileType = sourcecode.swift; path = SessionInfo.swift; sourceTree = "<group>"; };
		04D4B60C27135FA50089CFC3 /* ArtistResult.swift */ = {isa = PBXFileReference; lastKnownFileType = sourcecode.swift; path = ArtistResult.swift; sourceTree = "<group>"; };
		04E10701270CD304002CACB0 /* FinTuneApp.swift */ = {isa = PBXFileReference; lastKnownFileType = sourcecode.swift; path = FinTuneApp.swift; sourceTree = "<group>"; };
		04E10702270CD304002CACB0 /* ContentView.swift */ = {isa = PBXFileReference; lastKnownFileType = sourcecode.swift; path = ContentView.swift; sourceTree = "<group>"; };
		04E10703270CD307002CACB0 /* Assets.xcassets */ = {isa = PBXFileReference; lastKnownFileType = folder.assetcatalog; path = Assets.xcassets; sourceTree = "<group>"; };
		04E10708270CD307002CACB0 /* FinTune.app */ = {isa = PBXFileReference; explicitFileType = wrapper.application; includeInIndex = 0; path = FinTune.app; sourceTree = BUILT_PRODUCTS_DIR; };
		04E1070E270CD307002CACB0 /* FinTune.app */ = {isa = PBXFileReference; explicitFileType = wrapper.application; includeInIndex = 0; path = FinTune.app; sourceTree = BUILT_PRODUCTS_DIR; };
		04E10710270CD307002CACB0 /* macOS.entitlements */ = {isa = PBXFileReference; lastKnownFileType = text.plist.entitlements; path = macOS.entitlements; sourceTree = "<group>"; };
		04E10715270CD307002CACB0 /* Tests iOS.xctest */ = {isa = PBXFileReference; explicitFileType = wrapper.cfbundle; includeInIndex = 0; path = "Tests iOS.xctest"; sourceTree = BUILT_PRODUCTS_DIR; };
		04E10719270CD307002CACB0 /* Tests_iOS.swift */ = {isa = PBXFileReference; lastKnownFileType = sourcecode.swift; path = Tests_iOS.swift; sourceTree = "<group>"; };
		04E1071B270CD307002CACB0 /* Tests_iOSLaunchTests.swift */ = {isa = PBXFileReference; lastKnownFileType = sourcecode.swift; path = Tests_iOSLaunchTests.swift; sourceTree = "<group>"; };
		04E10721270CD307002CACB0 /* Tests macOS.xctest */ = {isa = PBXFileReference; explicitFileType = wrapper.cfbundle; includeInIndex = 0; path = "Tests macOS.xctest"; sourceTree = BUILT_PRODUCTS_DIR; };
		04E10725270CD307002CACB0 /* Tests_macOS.swift */ = {isa = PBXFileReference; lastKnownFileType = sourcecode.swift; path = Tests_macOS.swift; sourceTree = "<group>"; };
		04E10727270CD307002CACB0 /* Tests_macOSLaunchTests.swift */ = {isa = PBXFileReference; lastKnownFileType = sourcecode.swift; path = Tests_macOSLaunchTests.swift; sourceTree = "<group>"; };
		04E10747270CD6B8002CACB0 /* SongsView.swift */ = {isa = PBXFileReference; lastKnownFileType = sourcecode.swift; path = SongsView.swift; sourceTree = "<group>"; };
		04E1074A270CD6E6002CACB0 /* AlbumsView.swift */ = {isa = PBXFileReference; lastKnownFileType = sourcecode.swift; path = AlbumsView.swift; sourceTree = "<group>"; };
		04E1074D270CD6ED002CACB0 /* ArtistsView.swift */ = {isa = PBXFileReference; lastKnownFileType = sourcecode.swift; path = ArtistsView.swift; sourceTree = "<group>"; };
		04E10750270CD6F3002CACB0 /* PlaylistsView.swift */ = {isa = PBXFileReference; lastKnownFileType = sourcecode.swift; path = PlaylistsView.swift; sourceTree = "<group>"; };
		04E10753270CD6FA002CACB0 /* SettingsView.swift */ = {isa = PBXFileReference; lastKnownFileType = sourcecode.swift; path = SettingsView.swift; sourceTree = "<group>"; };
		04E10757270CD81B002CACB0 /* JellyfinService.swift */ = {isa = PBXFileReference; lastKnownFileType = sourcecode.swift; path = JellyfinService.swift; sourceTree = "<group>"; };
		04E10762270CE487002CACB0 /* Song.swift */ = {isa = PBXFileReference; lastKnownFileType = sourcecode.swift; path = Song.swift; sourceTree = "<group>"; };
		04E10765270CFB82002CACB0 /* Colors.xcassets */ = {isa = PBXFileReference; lastKnownFileType = folder.assetcatalog; path = Colors.xcassets; sourceTree = "<group>"; };
		04E2DE18270E264B007ABE38 /* ArtistDetailView.swift */ = {isa = PBXFileReference; lastKnownFileType = sourcecode.swift; path = ArtistDetailView.swift; sourceTree = "<group>"; };
		04E2DE1B270E48D9007ABE38 /* TabBarView.swift */ = {isa = PBXFileReference; lastKnownFileType = sourcecode.swift; path = TabBarView.swift; sourceTree = "<group>"; };
		04E2DE22270E4A48007ABE38 /* BlurView.swift */ = {isa = PBXFileReference; lastKnownFileType = sourcecode.swift; path = BlurView.swift; sourceTree = "<group>"; };
		04E2DE2A270FE282007ABE38 /* NowPlayingBar.swift */ = {isa = PBXFileReference; lastKnownFileType = sourcecode.swift; path = NowPlayingBar.swift; sourceTree = "<group>"; };
/* End PBXFileReference section */

/* Begin PBXFrameworksBuildPhase section */
		04E10705270CD307002CACB0 /* Frameworks */ = {
			isa = PBXFrameworksBuildPhase;
			buildActionMask = 2147483647;
			files = (
			);
			runOnlyForDeploymentPostprocessing = 0;
		};
		04E1070B270CD307002CACB0 /* Frameworks */ = {
			isa = PBXFrameworksBuildPhase;
			buildActionMask = 2147483647;
			files = (
			);
			runOnlyForDeploymentPostprocessing = 0;
		};
		04E10712270CD307002CACB0 /* Frameworks */ = {
			isa = PBXFrameworksBuildPhase;
			buildActionMask = 2147483647;
			files = (
			);
			runOnlyForDeploymentPostprocessing = 0;
		};
		04E1071E270CD307002CACB0 /* Frameworks */ = {
			isa = PBXFrameworksBuildPhase;
			buildActionMask = 2147483647;
			files = (
			);
			runOnlyForDeploymentPostprocessing = 0;
		};
/* End PBXFrameworksBuildPhase section */

/* Begin PBXGroup section */
		04D4B5F12710E9C80089CFC3 /* Login */ = {
			isa = PBXGroup;
			children = (
				04D4B5F22710E9D30089CFC3 /* LoginView.swift */,
				04CBCDC12713C915003E9BE9 /* LibrarySelectionView.swift */,
			);
			path = Login;
			sourceTree = "<group>";
		};
		04D4B60127135DCB0089CFC3 /* Results */ = {
			isa = PBXGroup;
			children = (
				04D4B60B27135F890089CFC3 /* Authentication */,
				04D4B60C27135FA50089CFC3 /* ArtistResult.swift */,
				04CBCDB5271371C8003E9BE9 /* ResultSet.swift */,
				04CBCDB827139AA1003E9BE9 /* UserData.swift */,
				04CBCDC72713D1F0003E9BE9 /* LibraryResult.swift */,
			);
			path = Results;
			sourceTree = "<group>";
		};
		04D4B60B27135F890089CFC3 /* Authentication */ = {
			isa = PBXGroup;
			children = (
				04D4B60227135DD50089CFC3 /* LoginResult.swift */,
				04D4B60527135DE50089CFC3 /* UserResult.swift */,
				04D4B60827135DEA0089CFC3 /* SessionInfo.swift */,
			);
			path = Authentication;
			sourceTree = "<group>";
		};
		04E106FB270CD304002CACB0 = {
			isa = PBXGroup;
			children = (
				04E10700270CD304002CACB0 /* Shared */,
				04E1070F270CD307002CACB0 /* macOS */,
				04E10718270CD307002CACB0 /* Tests iOS */,
				04E10724270CD307002CACB0 /* Tests macOS */,
				04E10709270CD307002CACB0 /* Products */,
			);
			sourceTree = "<group>";
		};
		04E10700270CD304002CACB0 /* Shared */ = {
			isa = PBXGroup;
			children = (
				04D4B60127135DCB0089CFC3 /* Results */,
				04E1075A270CDE79002CACB0 /* Models */,
				04E10756270CD807002CACB0 /* Services */,
				04E1073D270CD63F002CACB0 /* Views */,
				04E10701270CD304002CACB0 /* FinTuneApp.swift */,
				04E10702270CD304002CACB0 /* ContentView.swift */,
				04E10703270CD307002CACB0 /* Assets.xcassets */,
				04E10765270CFB82002CACB0 /* Colors.xcassets */,
			);
			path = Shared;
			sourceTree = "<group>";
		};
		04E10709270CD307002CACB0 /* Products */ = {
			isa = PBXGroup;
			children = (
				04E10708270CD307002CACB0 /* FinTune.app */,
				04E1070E270CD307002CACB0 /* FinTune.app */,
				04E10715270CD307002CACB0 /* Tests iOS.xctest */,
				04E10721270CD307002CACB0 /* Tests macOS.xctest */,
			);
			name = Products;
			sourceTree = "<group>";
		};
		04E1070F270CD307002CACB0 /* macOS */ = {
			isa = PBXGroup;
			children = (
				04E10710270CD307002CACB0 /* macOS.entitlements */,
			);
			path = macOS;
			sourceTree = "<group>";
		};
		04E10718270CD307002CACB0 /* Tests iOS */ = {
			isa = PBXGroup;
			children = (
				04E10719270CD307002CACB0 /* Tests_iOS.swift */,
				04E1071B270CD307002CACB0 /* Tests_iOSLaunchTests.swift */,
			);
			path = "Tests iOS";
			sourceTree = "<group>";
		};
		04E10724270CD307002CACB0 /* Tests macOS */ = {
			isa = PBXGroup;
			children = (
				04E10725270CD307002CACB0 /* Tests_macOS.swift */,
				04E10727270CD307002CACB0 /* Tests_macOSLaunchTests.swift */,
			);
			path = "Tests macOS";
			sourceTree = "<group>";
		};
		04E1073D270CD63F002CACB0 /* Views */ = {
			isa = PBXGroup;
			children = (
				04D4B5F12710E9C80089CFC3 /* Login */,
				04E2DE26270FC827007ABE38 /* Album */,
				04E2DE1E270E49E8007ABE38 /* BottomBar */,
				04E10747270CD6B8002CACB0 /* SongsView.swift */,
				04E1074A270CD6E6002CACB0 /* AlbumsView.swift */,
				04E2DE25270FA67D007ABE38 /* Artist */,
				04E10750270CD6F3002CACB0 /* PlaylistsView.swift */,
				04E10753270CD6FA002CACB0 /* SettingsView.swift */,
			);
			path = Views;
			sourceTree = "<group>";
		};
		04E10756270CD807002CACB0 /* Services */ = {
			isa = PBXGroup;
			children = (
				04E10757270CD81B002CACB0 /* JellyfinService.swift */,
				04D4B5F52711E34F0089CFC3 /* AuthenticationService.swift */,
				04D4B5FE2713472E0089CFC3 /* ArtistService.swift */,
				04CBCDBB27139DE1003E9BE9 /* AlbumService.swift */,
				04CBCDC42713C945003E9BE9 /* LibrarySelectionService.swift */,
				04CBCDCA2714BEBA003E9BE9 /* SongService.swift */,
			);
			path = Services;
			sourceTree = "<group>";
		};
		04E1075A270CDE79002CACB0 /* Models */ = {
			isa = PBXGroup;
			children = (
				04E10762270CE487002CACB0 /* Song.swift */,
				0480A22E270DE3B10066578E /* Artist.swift */,
				0480A231270DE67D0066578E /* Album.swift */,
				04D4B5F82712246D0089CFC3 /* Login.swift */,
				04D4B5FB271232B90089CFC3 /* UserResponse.swift */,
			);
			path = Models;
			sourceTree = "<group>";
		};
		04E2DE1E270E49E8007ABE38 /* BottomBar */ = {
			isa = PBXGroup;
			children = (
				04E2DE1B270E48D9007ABE38 /* TabBarView.swift */,
				04E2DE22270E4A48007ABE38 /* BlurView.swift */,
				04E2DE2A270FE282007ABE38 /* NowPlayingBar.swift */,
			);
			path = BottomBar;
			sourceTree = "<group>";
		};
		04E2DE25270FA67D007ABE38 /* Artist */ = {
			isa = PBXGroup;
			children = (
				04E2DE18270E264B007ABE38 /* ArtistDetailView.swift */,
				04E1074D270CD6ED002CACB0 /* ArtistsView.swift */,
			);
			path = Artist;
			sourceTree = "<group>";
		};
		04E2DE26270FC827007ABE38 /* Album */ = {
			isa = PBXGroup;
			children = (
				04D4B5EE2710BF0D0089CFC3 /* AlbumDetailView.swift */,
			);
			path = Album;
			sourceTree = "<group>";
		};
/* End PBXGroup section */

/* Begin PBXNativeTarget section */
		04E10707270CD307002CACB0 /* FinTune (iOS) */ = {
			isa = PBXNativeTarget;
			buildConfigurationList = 04E10731270CD307002CACB0 /* Build configuration list for PBXNativeTarget "FinTune (iOS)" */;
			buildPhases = (
				04E10704270CD307002CACB0 /* Sources */,
				04E10705270CD307002CACB0 /* Frameworks */,
				04E10706270CD307002CACB0 /* Resources */,
			);
			buildRules = (
			);
			dependencies = (
			);
			name = "FinTune (iOS)";
			productName = "FinTune (iOS)";
			productReference = 04E10708270CD307002CACB0 /* FinTune.app */;
			productType = "com.apple.product-type.application";
		};
		04E1070D270CD307002CACB0 /* FinTune (macOS) */ = {
			isa = PBXNativeTarget;
			buildConfigurationList = 04E10734270CD307002CACB0 /* Build configuration list for PBXNativeTarget "FinTune (macOS)" */;
			buildPhases = (
				04E1070A270CD307002CACB0 /* Sources */,
				04E1070B270CD307002CACB0 /* Frameworks */,
				04E1070C270CD307002CACB0 /* Resources */,
			);
			buildRules = (
			);
			dependencies = (
			);
			name = "FinTune (macOS)";
			productName = "FinTune (macOS)";
			productReference = 04E1070E270CD307002CACB0 /* FinTune.app */;
			productType = "com.apple.product-type.application";
		};
		04E10714270CD307002CACB0 /* Tests iOS */ = {
			isa = PBXNativeTarget;
			buildConfigurationList = 04E10737270CD307002CACB0 /* Build configuration list for PBXNativeTarget "Tests iOS" */;
			buildPhases = (
				04E10711270CD307002CACB0 /* Sources */,
				04E10712270CD307002CACB0 /* Frameworks */,
				04E10713270CD307002CACB0 /* Resources */,
			);
			buildRules = (
			);
			dependencies = (
				04E10717270CD307002CACB0 /* PBXTargetDependency */,
			);
			name = "Tests iOS";
			productName = "Tests iOS";
			productReference = 04E10715270CD307002CACB0 /* Tests iOS.xctest */;
			productType = "com.apple.product-type.bundle.ui-testing";
		};
		04E10720270CD307002CACB0 /* Tests macOS */ = {
			isa = PBXNativeTarget;
			buildConfigurationList = 04E1073A270CD307002CACB0 /* Build configuration list for PBXNativeTarget "Tests macOS" */;
			buildPhases = (
				04E1071D270CD307002CACB0 /* Sources */,
				04E1071E270CD307002CACB0 /* Frameworks */,
				04E1071F270CD307002CACB0 /* Resources */,
			);
			buildRules = (
			);
			dependencies = (
				04E10723270CD307002CACB0 /* PBXTargetDependency */,
			);
			name = "Tests macOS";
			productName = "Tests macOS";
			productReference = 04E10721270CD307002CACB0 /* Tests macOS.xctest */;
			productType = "com.apple.product-type.bundle.ui-testing";
		};
/* End PBXNativeTarget section */

/* Begin PBXProject section */
		04E106FC270CD304002CACB0 /* Project object */ = {
			isa = PBXProject;
			attributes = {
				BuildIndependentTargetsInParallel = 1;
				LastSwiftUpdateCheck = 1300;
				LastUpgradeCheck = 1300;
				TargetAttributes = {
					04E10707270CD307002CACB0 = {
						CreatedOnToolsVersion = 13.0;
					};
					04E1070D270CD307002CACB0 = {
						CreatedOnToolsVersion = 13.0;
					};
					04E10714270CD307002CACB0 = {
						CreatedOnToolsVersion = 13.0;
						TestTargetID = 04E10707270CD307002CACB0;
					};
					04E10720270CD307002CACB0 = {
						CreatedOnToolsVersion = 13.0;
						TestTargetID = 04E1070D270CD307002CACB0;
					};
				};
			};
			buildConfigurationList = 04E106FF270CD304002CACB0 /* Build configuration list for PBXProject "FinTune" */;
			compatibilityVersion = "Xcode 13.0";
			developmentRegion = en;
			hasScannedForEncodings = 0;
			knownRegions = (
				en,
				Base,
			);
			mainGroup = 04E106FB270CD304002CACB0;
			productRefGroup = 04E10709270CD307002CACB0 /* Products */;
			projectDirPath = "";
			projectRoot = "";
			targets = (
				04E10707270CD307002CACB0 /* FinTune (iOS) */,
				04E1070D270CD307002CACB0 /* FinTune (macOS) */,
				04E10714270CD307002CACB0 /* Tests iOS */,
				04E10720270CD307002CACB0 /* Tests macOS */,
			);
		};
/* End PBXProject section */

/* Begin PBXResourcesBuildPhase section */
		04E10706270CD307002CACB0 /* Resources */ = {
			isa = PBXResourcesBuildPhase;
			buildActionMask = 2147483647;
			files = (
				04E1072D270CD307002CACB0 /* Assets.xcassets in Resources */,
				04E10766270CFB82002CACB0 /* Colors.xcassets in Resources */,
			);
			runOnlyForDeploymentPostprocessing = 0;
		};
		04E1070C270CD307002CACB0 /* Resources */ = {
			isa = PBXResourcesBuildPhase;
			buildActionMask = 2147483647;
			files = (
				04E1072E270CD307002CACB0 /* Assets.xcassets in Resources */,
				04E10767270CFB83002CACB0 /* Colors.xcassets in Resources */,
			);
			runOnlyForDeploymentPostprocessing = 0;
		};
		04E10713270CD307002CACB0 /* Resources */ = {
			isa = PBXResourcesBuildPhase;
			buildActionMask = 2147483647;
			files = (
			);
			runOnlyForDeploymentPostprocessing = 0;
		};
		04E1071F270CD307002CACB0 /* Resources */ = {
			isa = PBXResourcesBuildPhase;
			buildActionMask = 2147483647;
			files = (
			);
			runOnlyForDeploymentPostprocessing = 0;
		};
/* End PBXResourcesBuildPhase section */

/* Begin PBXSourcesBuildPhase section */
		04E10704270CD307002CACB0 /* Sources */ = {
			isa = PBXSourcesBuildPhase;
			buildActionMask = 2147483647;
			files = (
				04E10754270CD6FA002CACB0 /* SettingsView.swift in Sources */,
				04E10751270CD6F3002CACB0 /* PlaylistsView.swift in Sources */,
				04D4B5FF2713472E0089CFC3 /* ArtistService.swift in Sources */,
				04CBCDBC27139DE1003E9BE9 /* AlbumService.swift in Sources */,
				04E2DE23270E4A48007ABE38 /* BlurView.swift in Sources */,
				04D4B5F62711E34F0089CFC3 /* AuthenticationService.swift in Sources */,
				04CBCDC52713C945003E9BE9 /* LibrarySelectionService.swift in Sources */,
				04E1072B270CD307002CACB0 /* ContentView.swift in Sources */,
				04D4B60327135DD50089CFC3 /* LoginResult.swift in Sources */,
				04E10763270CE487002CACB0 /* Song.swift in Sources */,
				04CBCDC82713D1F0003E9BE9 /* LibraryResult.swift in Sources */,
				04D4B60627135DE50089CFC3 /* UserResult.swift in Sources */,
				04CBCDB6271371C8003E9BE9 /* ResultSet.swift in Sources */,
				04E10748270CD6B8002CACB0 /* SongsView.swift in Sources */,
				04E1074E270CD6ED002CACB0 /* ArtistsView.swift in Sources */,
				04E2DE19270E264B007ABE38 /* ArtistDetailView.swift in Sources */,
				04E1074B270CD6E6002CACB0 /* AlbumsView.swift in Sources */,
				04E10758270CD81B002CACB0 /* JellyfinService.swift in Sources */,
				04D4B5F32710E9D30089CFC3 /* LoginView.swift in Sources */,
				04E2DE1C270E48D9007ABE38 /* TabBarView.swift in Sources */,
				04CBCDCB2714BEBA003E9BE9 /* SongService.swift in Sources */,
				04D4B5F92712246D0089CFC3 /* Login.swift in Sources */,
				0480A232270DE67D0066578E /* Album.swift in Sources */,
				04D4B5FC271232B90089CFC3 /* UserResponse.swift in Sources */,
				0480A22F270DE3B10066578E /* Artist.swift in Sources */,
				04CBCDB927139AA1003E9BE9 /* UserData.swift in Sources */,
				04CBCDC22713C915003E9BE9 /* LibrarySelectionView.swift in Sources */,
				04D4B60927135DEA0089CFC3 /* SessionInfo.swift in Sources */,
				04E2DE2B270FE282007ABE38 /* NowPlayingBar.swift in Sources */,
				04E10729270CD307002CACB0 /* FinTuneApp.swift in Sources */,
				04D4B5EF2710BF0D0089CFC3 /* AlbumDetailView.swift in Sources */,
				04D4B60D27135FA50089CFC3 /* ArtistResult.swift in Sources */,
			);
			runOnlyForDeploymentPostprocessing = 0;
		};
		04E1070A270CD307002CACB0 /* Sources */ = {
			isa = PBXSourcesBuildPhase;
			buildActionMask = 2147483647;
			files = (
				04CBCDBA27139AA1003E9BE9 /* UserData.swift in Sources */,
				04E10755270CD6FA002CACB0 /* SettingsView.swift in Sources */,
				04E10752270CD6F3002CACB0 /* PlaylistsView.swift in Sources */,
				04E2DE24270E4A48007ABE38 /* BlurView.swift in Sources */,
				04E1072C270CD307002CACB0 /* ContentView.swift in Sources */,
				04E10764270CE487002CACB0 /* Song.swift in Sources */,
				04E10749270CD6B8002CACB0 /* SongsView.swift in Sources */,
				04E1074F270CD6ED002CACB0 /* ArtistsView.swift in Sources */,
				04E2DE1A270E264B007ABE38 /* ArtistDetailView.swift in Sources */,
				04D4B60A27135DEA0089CFC3 /* SessionInfo.swift in Sources */,
				04E1074C270CD6E6002CACB0 /* AlbumsView.swift in Sources */,
				04CBCDC32713C915003E9BE9 /* LibrarySelectionView.swift in Sources */,
				04E10759270CD81B002CACB0 /* JellyfinService.swift in Sources */,
				04E2DE1D270E48D9007ABE38 /* TabBarView.swift in Sources */,
				04CBCDC92713D1F0003E9BE9 /* LibraryResult.swift in Sources */,
				04D4B60727135DE50089CFC3 /* UserResult.swift in Sources */,
				0480A233270DE67D0066578E /* Album.swift in Sources */,
				0480A230270DE3B20066578E /* Artist.swift in Sources */,
				04CBCDCC2714BEBA003E9BE9 /* SongService.swift in Sources */,
				04D4B5FD271232B90089CFC3 /* UserResponse.swift in Sources */,
				04CBCDB7271371C8003E9BE9 /* ResultSet.swift in Sources */,
				04D4B5F72711E34F0089CFC3 /* AuthenticationService.swift in Sources */,
				04D4B60427135DD50089CFC3 /* LoginResult.swift in Sources */,
				04E2DE2C270FE282007ABE38 /* NowPlayingBar.swift in Sources */,
				04D4B60E27135FA50089CFC3 /* ArtistResult.swift in Sources */,
				04D4B5FA2712246D0089CFC3 /* Login.swift in Sources */,
				04CBCDBD27139DE1003E9BE9 /* AlbumService.swift in Sources */,
				04CBCDC62713C945003E9BE9 /* LibrarySelectionService.swift in Sources */,
				04D4B5F42710E9D30089CFC3 /* LoginView.swift in Sources */,
				04D4B6002713472E0089CFC3 /* ArtistService.swift in Sources */,
				04E1072A270CD307002CACB0 /* FinTuneApp.swift in Sources */,
			);
			runOnlyForDeploymentPostprocessing = 0;
		};
		04E10711270CD307002CACB0 /* Sources */ = {
			isa = PBXSourcesBuildPhase;
			buildActionMask = 2147483647;
			files = (
				04E1071C270CD307002CACB0 /* Tests_iOSLaunchTests.swift in Sources */,
				04E1071A270CD307002CACB0 /* Tests_iOS.swift in Sources */,
			);
			runOnlyForDeploymentPostprocessing = 0;
		};
		04E1071D270CD307002CACB0 /* Sources */ = {
			isa = PBXSourcesBuildPhase;
			buildActionMask = 2147483647;
			files = (
				04E10728270CD307002CACB0 /* Tests_macOSLaunchTests.swift in Sources */,
				04E10726270CD307002CACB0 /* Tests_macOS.swift in Sources */,
			);
			runOnlyForDeploymentPostprocessing = 0;
		};
/* End PBXSourcesBuildPhase section */

/* Begin PBXTargetDependency section */
		04E10717270CD307002CACB0 /* PBXTargetDependency */ = {
			isa = PBXTargetDependency;
			target = 04E10707270CD307002CACB0 /* FinTune (iOS) */;
			targetProxy = 04E10716270CD307002CACB0 /* PBXContainerItemProxy */;
		};
		04E10723270CD307002CACB0 /* PBXTargetDependency */ = {
			isa = PBXTargetDependency;
			target = 04E1070D270CD307002CACB0 /* FinTune (macOS) */;
			targetProxy = 04E10722270CD307002CACB0 /* PBXContainerItemProxy */;
		};
/* End PBXTargetDependency section */

/* Begin XCBuildConfiguration section */
		04E1072F270CD307002CACB0 /* Debug */ = {
			isa = XCBuildConfiguration;
			buildSettings = {
				ALWAYS_SEARCH_USER_PATHS = NO;
				CLANG_ANALYZER_NONNULL = YES;
				CLANG_ANALYZER_NUMBER_OBJECT_CONVERSION = YES_AGGRESSIVE;
				CLANG_CXX_LANGUAGE_STANDARD = "gnu++17";
				CLANG_CXX_LIBRARY = "libc++";
				CLANG_ENABLE_MODULES = YES;
				CLANG_ENABLE_OBJC_ARC = YES;
				CLANG_ENABLE_OBJC_WEAK = YES;
				CLANG_WARN_BLOCK_CAPTURE_AUTORELEASING = YES;
				CLANG_WARN_BOOL_CONVERSION = YES;
				CLANG_WARN_COMMA = YES;
				CLANG_WARN_CONSTANT_CONVERSION = YES;
				CLANG_WARN_DEPRECATED_OBJC_IMPLEMENTATIONS = YES;
				CLANG_WARN_DIRECT_OBJC_ISA_USAGE = YES_ERROR;
				CLANG_WARN_DOCUMENTATION_COMMENTS = YES;
				CLANG_WARN_EMPTY_BODY = YES;
				CLANG_WARN_ENUM_CONVERSION = YES;
				CLANG_WARN_INFINITE_RECURSION = YES;
				CLANG_WARN_INT_CONVERSION = YES;
				CLANG_WARN_NON_LITERAL_NULL_CONVERSION = YES;
				CLANG_WARN_OBJC_IMPLICIT_RETAIN_SELF = YES;
				CLANG_WARN_OBJC_LITERAL_CONVERSION = YES;
				CLANG_WARN_OBJC_ROOT_CLASS = YES_ERROR;
				CLANG_WARN_QUOTED_INCLUDE_IN_FRAMEWORK_HEADER = YES;
				CLANG_WARN_RANGE_LOOP_ANALYSIS = YES;
				CLANG_WARN_STRICT_PROTOTYPES = YES;
				CLANG_WARN_SUSPICIOUS_MOVE = YES;
				CLANG_WARN_UNGUARDED_AVAILABILITY = YES_AGGRESSIVE;
				CLANG_WARN_UNREACHABLE_CODE = YES;
				CLANG_WARN__DUPLICATE_METHOD_MATCH = YES;
				COPY_PHASE_STRIP = NO;
				DEBUG_INFORMATION_FORMAT = dwarf;
				ENABLE_STRICT_OBJC_MSGSEND = YES;
				ENABLE_TESTABILITY = YES;
				GCC_C_LANGUAGE_STANDARD = gnu11;
				GCC_DYNAMIC_NO_PIC = NO;
				GCC_NO_COMMON_BLOCKS = YES;
				GCC_OPTIMIZATION_LEVEL = 0;
				GCC_PREPROCESSOR_DEFINITIONS = (
					"DEBUG=1",
					"$(inherited)",
				);
				GCC_WARN_64_TO_32_BIT_CONVERSION = YES;
				GCC_WARN_ABOUT_RETURN_TYPE = YES_ERROR;
				GCC_WARN_UNDECLARED_SELECTOR = YES;
				GCC_WARN_UNINITIALIZED_AUTOS = YES_AGGRESSIVE;
				GCC_WARN_UNUSED_FUNCTION = YES;
				GCC_WARN_UNUSED_VARIABLE = YES;
				MTL_ENABLE_DEBUG_INFO = INCLUDE_SOURCE;
				MTL_FAST_MATH = YES;
				ONLY_ACTIVE_ARCH = YES;
				SWIFT_ACTIVE_COMPILATION_CONDITIONS = DEBUG;
				SWIFT_OPTIMIZATION_LEVEL = "-Onone";
			};
			name = Debug;
		};
		04E10730270CD307002CACB0 /* Release */ = {
			isa = XCBuildConfiguration;
			buildSettings = {
				ALWAYS_SEARCH_USER_PATHS = NO;
				CLANG_ANALYZER_NONNULL = YES;
				CLANG_ANALYZER_NUMBER_OBJECT_CONVERSION = YES_AGGRESSIVE;
				CLANG_CXX_LANGUAGE_STANDARD = "gnu++17";
				CLANG_CXX_LIBRARY = "libc++";
				CLANG_ENABLE_MODULES = YES;
				CLANG_ENABLE_OBJC_ARC = YES;
				CLANG_ENABLE_OBJC_WEAK = YES;
				CLANG_WARN_BLOCK_CAPTURE_AUTORELEASING = YES;
				CLANG_WARN_BOOL_CONVERSION = YES;
				CLANG_WARN_COMMA = YES;
				CLANG_WARN_CONSTANT_CONVERSION = YES;
				CLANG_WARN_DEPRECATED_OBJC_IMPLEMENTATIONS = YES;
				CLANG_WARN_DIRECT_OBJC_ISA_USAGE = YES_ERROR;
				CLANG_WARN_DOCUMENTATION_COMMENTS = YES;
				CLANG_WARN_EMPTY_BODY = YES;
				CLANG_WARN_ENUM_CONVERSION = YES;
				CLANG_WARN_INFINITE_RECURSION = YES;
				CLANG_WARN_INT_CONVERSION = YES;
				CLANG_WARN_NON_LITERAL_NULL_CONVERSION = YES;
				CLANG_WARN_OBJC_IMPLICIT_RETAIN_SELF = YES;
				CLANG_WARN_OBJC_LITERAL_CONVERSION = YES;
				CLANG_WARN_OBJC_ROOT_CLASS = YES_ERROR;
				CLANG_WARN_QUOTED_INCLUDE_IN_FRAMEWORK_HEADER = YES;
				CLANG_WARN_RANGE_LOOP_ANALYSIS = YES;
				CLANG_WARN_STRICT_PROTOTYPES = YES;
				CLANG_WARN_SUSPICIOUS_MOVE = YES;
				CLANG_WARN_UNGUARDED_AVAILABILITY = YES_AGGRESSIVE;
				CLANG_WARN_UNREACHABLE_CODE = YES;
				CLANG_WARN__DUPLICATE_METHOD_MATCH = YES;
				COPY_PHASE_STRIP = NO;
				DEBUG_INFORMATION_FORMAT = "dwarf-with-dsym";
				ENABLE_NS_ASSERTIONS = NO;
				ENABLE_STRICT_OBJC_MSGSEND = YES;
				GCC_C_LANGUAGE_STANDARD = gnu11;
				GCC_NO_COMMON_BLOCKS = YES;
				GCC_WARN_64_TO_32_BIT_CONVERSION = YES;
				GCC_WARN_ABOUT_RETURN_TYPE = YES_ERROR;
				GCC_WARN_UNDECLARED_SELECTOR = YES;
				GCC_WARN_UNINITIALIZED_AUTOS = YES_AGGRESSIVE;
				GCC_WARN_UNUSED_FUNCTION = YES;
				GCC_WARN_UNUSED_VARIABLE = YES;
				MTL_ENABLE_DEBUG_INFO = NO;
				MTL_FAST_MATH = YES;
				SWIFT_COMPILATION_MODE = wholemodule;
				SWIFT_OPTIMIZATION_LEVEL = "-O";
			};
			name = Release;
		};
		04E10732270CD307002CACB0 /* Debug */ = {
			isa = XCBuildConfiguration;
			buildSettings = {
				ASSETCATALOG_COMPILER_APPICON_NAME = AppIcon;
				ASSETCATALOG_COMPILER_GLOBAL_ACCENT_COLOR_NAME = AccentColor;
				CODE_SIGN_STYLE = Automatic;
				CURRENT_PROJECT_VERSION = 1;
				DEVELOPMENT_TEAM = WAH9CZ8BPG;
				ENABLE_PREVIEWS = YES;
				GENERATE_INFOPLIST_FILE = YES;
				INFOPLIST_KEY_UIApplicationSceneManifest_Generation = YES;
				INFOPLIST_KEY_UIApplicationSupportsIndirectInputEvents = YES;
				INFOPLIST_KEY_UILaunchScreen_Generation = YES;
				INFOPLIST_KEY_UISupportedInterfaceOrientations_iPad = "UIInterfaceOrientationPortrait UIInterfaceOrientationPortraitUpsideDown UIInterfaceOrientationLandscapeLeft UIInterfaceOrientationLandscapeRight";
				INFOPLIST_KEY_UISupportedInterfaceOrientations_iPhone = "UIInterfaceOrientationPortrait UIInterfaceOrientationLandscapeLeft UIInterfaceOrientationLandscapeRight";
				IPHONEOS_DEPLOYMENT_TARGET = 15.0;
				LD_RUNPATH_SEARCH_PATHS = (
					"$(inherited)",
					"@executable_path/Frameworks",
				);
				MARKETING_VERSION = 1.0;
				PRODUCT_BUNDLE_IDENTIFIER = Jellyfin.FinTune;
				PRODUCT_NAME = FinTune;
				SDKROOT = iphoneos;
				SWIFT_EMIT_LOC_STRINGS = YES;
				SWIFT_VERSION = 5.0;
				TARGETED_DEVICE_FAMILY = "1,2";
			};
			name = Debug;
		};
		04E10733270CD307002CACB0 /* Release */ = {
			isa = XCBuildConfiguration;
			buildSettings = {
				ASSETCATALOG_COMPILER_APPICON_NAME = AppIcon;
				ASSETCATALOG_COMPILER_GLOBAL_ACCENT_COLOR_NAME = AccentColor;
				CODE_SIGN_STYLE = Automatic;
				CURRENT_PROJECT_VERSION = 1;
				DEVELOPMENT_TEAM = WAH9CZ8BPG;
				ENABLE_PREVIEWS = YES;
				GENERATE_INFOPLIST_FILE = YES;
				INFOPLIST_KEY_UIApplicationSceneManifest_Generation = YES;
				INFOPLIST_KEY_UIApplicationSupportsIndirectInputEvents = YES;
				INFOPLIST_KEY_UILaunchScreen_Generation = YES;
				INFOPLIST_KEY_UISupportedInterfaceOrientations_iPad = "UIInterfaceOrientationPortrait UIInterfaceOrientationPortraitUpsideDown UIInterfaceOrientationLandscapeLeft UIInterfaceOrientationLandscapeRight";
				INFOPLIST_KEY_UISupportedInterfaceOrientations_iPhone = "UIInterfaceOrientationPortrait UIInterfaceOrientationLandscapeLeft UIInterfaceOrientationLandscapeRight";
				IPHONEOS_DEPLOYMENT_TARGET = 15.0;
				LD_RUNPATH_SEARCH_PATHS = (
					"$(inherited)",
					"@executable_path/Frameworks",
				);
				MARKETING_VERSION = 1.0;
				PRODUCT_BUNDLE_IDENTIFIER = Jellyfin.FinTune;
				PRODUCT_NAME = FinTune;
				SDKROOT = iphoneos;
				SWIFT_EMIT_LOC_STRINGS = YES;
				SWIFT_VERSION = 5.0;
				TARGETED_DEVICE_FAMILY = "1,2";
				VALIDATE_PRODUCT = YES;
			};
			name = Release;
		};
		04E10735270CD307002CACB0 /* Debug */ = {
			isa = XCBuildConfiguration;
			buildSettings = {
				ASSETCATALOG_COMPILER_APPICON_NAME = AppIcon;
				ASSETCATALOG_COMPILER_GLOBAL_ACCENT_COLOR_NAME = AccentColor;
				CODE_SIGN_ENTITLEMENTS = macOS/macOS.entitlements;
				CODE_SIGN_STYLE = Automatic;
				COMBINE_HIDPI_IMAGES = YES;
				CURRENT_PROJECT_VERSION = 1;
				ENABLE_PREVIEWS = YES;
				GENERATE_INFOPLIST_FILE = YES;
				INFOPLIST_KEY_NSHumanReadableCopyright = "";
				LD_RUNPATH_SEARCH_PATHS = (
					"$(inherited)",
					"@executable_path/../Frameworks",
				);
				MACOSX_DEPLOYMENT_TARGET = 11.0;
				MARKETING_VERSION = 1.0;
				PRODUCT_BUNDLE_IDENTIFIER = Jellyfin.FinTune;
				PRODUCT_NAME = FinTune;
				SDKROOT = macosx;
				SWIFT_EMIT_LOC_STRINGS = YES;
				SWIFT_VERSION = 5.0;
			};
			name = Debug;
		};
		04E10736270CD307002CACB0 /* Release */ = {
			isa = XCBuildConfiguration;
			buildSettings = {
				ASSETCATALOG_COMPILER_APPICON_NAME = AppIcon;
				ASSETCATALOG_COMPILER_GLOBAL_ACCENT_COLOR_NAME = AccentColor;
				CODE_SIGN_ENTITLEMENTS = macOS/macOS.entitlements;
				CODE_SIGN_STYLE = Automatic;
				COMBINE_HIDPI_IMAGES = YES;
				CURRENT_PROJECT_VERSION = 1;
				ENABLE_PREVIEWS = YES;
				GENERATE_INFOPLIST_FILE = YES;
				INFOPLIST_KEY_NSHumanReadableCopyright = "";
				LD_RUNPATH_SEARCH_PATHS = (
					"$(inherited)",
					"@executable_path/../Frameworks",
				);
				MACOSX_DEPLOYMENT_TARGET = 11.0;
				MARKETING_VERSION = 1.0;
				PRODUCT_BUNDLE_IDENTIFIER = Jellyfin.FinTune;
				PRODUCT_NAME = FinTune;
				SDKROOT = macosx;
				SWIFT_EMIT_LOC_STRINGS = YES;
				SWIFT_VERSION = 5.0;
			};
			name = Release;
		};
		04E10738270CD307002CACB0 /* Debug */ = {
			isa = XCBuildConfiguration;
			buildSettings = {
				ALWAYS_EMBED_SWIFT_STANDARD_LIBRARIES = YES;
				CODE_SIGN_STYLE = Automatic;
				CURRENT_PROJECT_VERSION = 1;
				GENERATE_INFOPLIST_FILE = YES;
				IPHONEOS_DEPLOYMENT_TARGET = 15.0;
				LD_RUNPATH_SEARCH_PATHS = (
					"$(inherited)",
					"@executable_path/Frameworks",
					"@loader_path/Frameworks",
				);
				MARKETING_VERSION = 1.0;
				PRODUCT_BUNDLE_IDENTIFIER = "Jellyfin.Tests-iOS";
				PRODUCT_NAME = "$(TARGET_NAME)";
				SDKROOT = iphoneos;
				SWIFT_EMIT_LOC_STRINGS = NO;
				SWIFT_VERSION = 5.0;
				TARGETED_DEVICE_FAMILY = "1,2";
				TEST_TARGET_NAME = "FinTune (iOS)";
			};
			name = Debug;
		};
		04E10739270CD307002CACB0 /* Release */ = {
			isa = XCBuildConfiguration;
			buildSettings = {
				ALWAYS_EMBED_SWIFT_STANDARD_LIBRARIES = YES;
				CODE_SIGN_STYLE = Automatic;
				CURRENT_PROJECT_VERSION = 1;
				GENERATE_INFOPLIST_FILE = YES;
				IPHONEOS_DEPLOYMENT_TARGET = 15.0;
				LD_RUNPATH_SEARCH_PATHS = (
					"$(inherited)",
					"@executable_path/Frameworks",
					"@loader_path/Frameworks",
				);
				MARKETING_VERSION = 1.0;
				PRODUCT_BUNDLE_IDENTIFIER = "Jellyfin.Tests-iOS";
				PRODUCT_NAME = "$(TARGET_NAME)";
				SDKROOT = iphoneos;
				SWIFT_EMIT_LOC_STRINGS = NO;
				SWIFT_VERSION = 5.0;
				TARGETED_DEVICE_FAMILY = "1,2";
				TEST_TARGET_NAME = "FinTune (iOS)";
				VALIDATE_PRODUCT = YES;
			};
			name = Release;
		};
		04E1073B270CD307002CACB0 /* Debug */ = {
			isa = XCBuildConfiguration;
			buildSettings = {
				ALWAYS_EMBED_SWIFT_STANDARD_LIBRARIES = YES;
				CODE_SIGN_STYLE = Automatic;
				COMBINE_HIDPI_IMAGES = YES;
				CURRENT_PROJECT_VERSION = 1;
				GENERATE_INFOPLIST_FILE = YES;
				LD_RUNPATH_SEARCH_PATHS = (
					"$(inherited)",
					"@executable_path/../Frameworks",
					"@loader_path/../Frameworks",
				);
				MACOSX_DEPLOYMENT_TARGET = 11.3;
				MARKETING_VERSION = 1.0;
				PRODUCT_BUNDLE_IDENTIFIER = "Jellyfin.Tests-macOS";
				PRODUCT_NAME = "$(TARGET_NAME)";
				SDKROOT = macosx;
				SWIFT_EMIT_LOC_STRINGS = NO;
				SWIFT_VERSION = 5.0;
				TEST_TARGET_NAME = "FinTune (macOS)";
			};
			name = Debug;
		};
		04E1073C270CD307002CACB0 /* Release */ = {
			isa = XCBuildConfiguration;
			buildSettings = {
				ALWAYS_EMBED_SWIFT_STANDARD_LIBRARIES = YES;
				CODE_SIGN_STYLE = Automatic;
				COMBINE_HIDPI_IMAGES = YES;
				CURRENT_PROJECT_VERSION = 1;
				GENERATE_INFOPLIST_FILE = YES;
				LD_RUNPATH_SEARCH_PATHS = (
					"$(inherited)",
					"@executable_path/../Frameworks",
					"@loader_path/../Frameworks",
				);
				MACOSX_DEPLOYMENT_TARGET = 11.3;
				MARKETING_VERSION = 1.0;
				PRODUCT_BUNDLE_IDENTIFIER = "Jellyfin.Tests-macOS";
				PRODUCT_NAME = "$(TARGET_NAME)";
				SDKROOT = macosx;
				SWIFT_EMIT_LOC_STRINGS = NO;
				SWIFT_VERSION = 5.0;
				TEST_TARGET_NAME = "FinTune (macOS)";
			};
			name = Release;
		};
/* End XCBuildConfiguration section */

/* Begin XCConfigurationList section */
		04E106FF270CD304002CACB0 /* Build configuration list for PBXProject "FinTune" */ = {
			isa = XCConfigurationList;
			buildConfigurations = (
				04E1072F270CD307002CACB0 /* Debug */,
				04E10730270CD307002CACB0 /* Release */,
			);
			defaultConfigurationIsVisible = 0;
			defaultConfigurationName = Release;
		};
		04E10731270CD307002CACB0 /* Build configuration list for PBXNativeTarget "FinTune (iOS)" */ = {
			isa = XCConfigurationList;
			buildConfigurations = (
				04E10732270CD307002CACB0 /* Debug */,
				04E10733270CD307002CACB0 /* Release */,
			);
			defaultConfigurationIsVisible = 0;
			defaultConfigurationName = Release;
		};
		04E10734270CD307002CACB0 /* Build configuration list for PBXNativeTarget "FinTune (macOS)" */ = {
			isa = XCConfigurationList;
			buildConfigurations = (
				04E10735270CD307002CACB0 /* Debug */,
				04E10736270CD307002CACB0 /* Release */,
			);
			defaultConfigurationIsVisible = 0;
			defaultConfigurationName = Release;
		};
		04E10737270CD307002CACB0 /* Build configuration list for PBXNativeTarget "Tests iOS" */ = {
			isa = XCConfigurationList;
			buildConfigurations = (
				04E10738270CD307002CACB0 /* Debug */,
				04E10739270CD307002CACB0 /* Release */,
			);
			defaultConfigurationIsVisible = 0;
			defaultConfigurationName = Release;
		};
		04E1073A270CD307002CACB0 /* Build configuration list for PBXNativeTarget "Tests macOS" */ = {
			isa = XCConfigurationList;
			buildConfigurations = (
				04E1073B270CD307002CACB0 /* Debug */,
				04E1073C270CD307002CACB0 /* Release */,
			);
			defaultConfigurationIsVisible = 0;
			defaultConfigurationName = Release;
		};
/* End XCConfigurationList section */
	};
	rootObject = 04E106FC270CD304002CACB0 /* Project object */;
}
