{
  "object": {
    "pins": [
      {
        "package": "AnyCodable",
        "repositoryURL": "https://github.com/Flight-School/AnyCodable",
        "state": {
          "branch": null,
          "revision": "b1a7a8a6186f2fcb28f7bda67cfc545de48b3c80",
          "version": "0.6.2"
        }
      },
      {
        "package": "HLSion",
        "repositoryURL": "https://github.com/r-plus/HLSion",
        "state": {
          "branch": "master",
          "revision": "60f3473454cb70aea300be5c769f4cf69eaeefce",
          "version": null
        }
      },
      {
        "package": "JellyfinAPI",
        "repositoryURL": "https://github.com/jellyfin/jellyfin-sdk-swift",
        "state": {
          "branch": "main",
          "revision": "f315671ced976a7ec75ce6a1f37e00b4880cbf4b",
          "version": null
        }
      },
      {
        "package": "LNPopupController",
        "repositoryURL": "https://github.com/LeoNatan/LNPopupController.git",
        "state": {
          "branch": null,
          "revision": "e8d646a44a8569d23c7418f1de39de2e58cb90da",
          "version": "2.13.3"
        }
      },
      {
        "package": "LNPopupUI",
        "repositoryURL": "https://github.com/LeoNatan/LNPopupUI",
        "state": {
          "branch": "master",
          "revision": "6da0a931c3942f609339e75586a0ad1b767f4043",
          "version": null
        }
      },
      {
        "package": "SwiftAudioPlayer",
        "repositoryURL": "https://github.com/tanhakabir/SwiftAudioPlayer",
        "state": {
          "branch": null,
          "revision": "2fdfc62ce9f5d8b818ee1b2a9ac061fce4f64af9",
          "version": "7.6.0"
        }
      },
      {
        "package": "SwiftUIX",
        "repositoryURL": "https://github.com/SwiftUIX/SwiftUIX",
        "state": {
          "branch": "master",
          "revision": "05b3412d3cd67dff19329c87a8327971593dfd35",
          "version": null
        }
      },
      {
        "package": "SwimplyPlayIndicator",
        "repositoryURL": "https://github.com/obrhoff/SwimplyPlayIndicator",
        "state": {
          "branch": null,
          "revision": "d511ae7b95f456328a48182b62a0d58d5bc571a2",
          "version": "1.1.0"
        }
      }
    ]
  },
  "version": 1
}
